// !$*UTF8*$!
{
	archiveVersion = 1;
	classes = {
	};
	objectVersion = 46;
	objects = {

/* Begin PBXBuildFile section */
		30E4D0FEDDF5C47B4EA044B9 /* libPods.a in Frameworks */ = {isa = PBXBuildFile; fileRef = 6DCBEE6DA0655A2958DBBAAD /* libPods.a */; };
		E91F5A7B1AA7833000987AD6 /* MMString.m in Sources */ = {isa = PBXBuildFile; fileRef = E91F5A7A1AA7833000987AD6 /* MMString.m */; };
		E91F5AAB1AA802E300987AD6 /* MMCalendarViewController.m in Sources */ = {isa = PBXBuildFile; fileRef = E91F5AAA1AA802E300987AD6 /* MMCalendarViewController.m */; };
		E91F5AAE1AA802F800987AD6 /* MMCalendarCollectionViewCell.m in Sources */ = {isa = PBXBuildFile; fileRef = E91F5AAD1AA802F800987AD6 /* MMCalendarCollectionViewCell.m */; };
		E91F5AB11AA8031700987AD6 /* MMCalendarCollectionReusableView.m in Sources */ = {isa = PBXBuildFile; fileRef = E91F5AB01AA8031700987AD6 /* MMCalendarCollectionReusableView.m */; };
		E91F5AB51AA81A6600987AD6 /* leftArrowWindow.png in Resources */ = {isa = PBXBuildFile; fileRef = E91F5AB21AA81A6600987AD6 /* leftArrowWindow.png */; };
		E91F5AB61AA81A6600987AD6 /* orange_window.png in Resources */ = {isa = PBXBuildFile; fileRef = E91F5AB31AA81A6600987AD6 /* orange_window.png */; };
		E91F5AB71AA81A6600987AD6 /* rightArrowWindow.png in Resources */ = {isa = PBXBuildFile; fileRef = E91F5AB41AA81A6600987AD6 /* rightArrowWindow.png */; };
		E91F5ABD1AA82D8300987AD6 /* barIcon_pencil-Small.png in Resources */ = {isa = PBXBuildFile; fileRef = E91F5ABA1AA82D8300987AD6 /* barIcon_pencil-Small.png */; };
		E91F5ABE1AA82D8300987AD6 /* barIcon_pencil-Small@2x.png in Resources */ = {isa = PBXBuildFile; fileRef = E91F5ABB1AA82D8300987AD6 /* barIcon_pencil-Small@2x.png */; };
		E91F5ABF1AA82D8300987AD6 /* barIcon_pencil-Small@3x.png in Resources */ = {isa = PBXBuildFile; fileRef = E91F5ABC1AA82D8300987AD6 /* barIcon_pencil-Small@3x.png */; };
		E91F5AC31AA834DE00987AD6 /* barIcon_calndar-Small.png in Resources */ = {isa = PBXBuildFile; fileRef = E91F5AC01AA834DE00987AD6 /* barIcon_calndar-Small.png */; };
		E91F5AC41AA834DE00987AD6 /* barIcon_calndar-Small@2x.png in Resources */ = {isa = PBXBuildFile; fileRef = E91F5AC11AA834DE00987AD6 /* barIcon_calndar-Small@2x.png */; };
		E91F5AC51AA834DE00987AD6 /* barIcon_calndar-Small@3x.png in Resources */ = {isa = PBXBuildFile; fileRef = E91F5AC21AA834DE00987AD6 /* barIcon_calndar-Small@3x.png */; };
		E92514C01AF20C3700ED8CD1 /* leftArrow.png in Resources */ = {isa = PBXBuildFile; fileRef = E92514BE1AF20C3700ED8CD1 /* leftArrow.png */; };
		E92514C11AF20C3700ED8CD1 /* rightArrow.png in Resources */ = {isa = PBXBuildFile; fileRef = E92514BF1AF20C3700ED8CD1 /* rightArrow.png */; };
		E92C15B71AEFCB96008C922C /* Record.m in Sources */ = {isa = PBXBuildFile; fileRef = E92C15B61AEFCB96008C922C /* Record.m */; };
		E92C15BB1AEFDC7F008C922C /* blueWindow.png in Resources */ = {isa = PBXBuildFile; fileRef = E92C15B81AEFDC7F008C922C /* blueWindow.png */; };
		E92C15BC1AEFDC7F008C922C /* leftArrowBlue.png in Resources */ = {isa = PBXBuildFile; fileRef = E92C15B91AEFDC7F008C922C /* leftArrowBlue.png */; };
		E92C15BD1AEFDC7F008C922C /* rightArrowBlue.png in Resources */ = {isa = PBXBuildFile; fileRef = E92C15BA1AEFDC7F008C922C /* rightArrowBlue.png */; };
		E936250C1B3EFB8A00A3C3D9 /* MMLoginViewController.swift in Sources */ = {isa = PBXBuildFile; fileRef = E936250B1B3EFB8A00A3C3D9 /* MMLoginViewController.swift */; };
		E936250E1B3EFBA600A3C3D9 /* MMSignUpViewController.swift in Sources */ = {isa = PBXBuildFile; fileRef = E936250D1B3EFBA600A3C3D9 /* MMSignUpViewController.swift */; };
		E93625111B3FBC3500A3C3D9 /* MMSignupTableViewCell.swift in Sources */ = {isa = PBXBuildFile; fileRef = E93625101B3FBC3500A3C3D9 /* MMSignupTableViewCell.swift */; };
		E945FA811AD835E90046C849 /* barIcon_list-Small.png in Resources */ = {isa = PBXBuildFile; fileRef = E945FA7E1AD835E90046C849 /* barIcon_list-Small.png */; };
		E945FA821AD835E90046C849 /* barIcon_list-Small@2x.png in Resources */ = {isa = PBXBuildFile; fileRef = E945FA7F1AD835E90046C849 /* barIcon_list-Small@2x.png */; };
		E945FA831AD835E90046C849 /* barIcon_list-Small@3x.png in Resources */ = {isa = PBXBuildFile; fileRef = E945FA801AD835E90046C849 /* barIcon_list-Small@3x.png */; };
		E95C94191AF21A37006230D8 /* leftArrow.jpg in Resources */ = {isa = PBXBuildFile; fileRef = E95C94171AF21A37006230D8 /* leftArrow.jpg */; };
		E95C94241AF21D9C006230D8 /* rightArrow-Small.png in Resources */ = {isa = PBXBuildFile; fileRef = E95C94211AF21D9C006230D8 /* rightArrow-Small.png */; };
		E95C94251AF21D9C006230D8 /* rightArrow-Small@2x.png in Resources */ = {isa = PBXBuildFile; fileRef = E95C94221AF21D9C006230D8 /* rightArrow-Small@2x.png */; };
		E95C94261AF21D9C006230D8 /* rightArrow-Small@3x.png in Resources */ = {isa = PBXBuildFile; fileRef = E95C94231AF21D9C006230D8 /* rightArrow-Small@3x.png */; };
		E95C942F1AF2254D006230D8 /* MMCalendarNavigationView.xib in Resources */ = {isa = PBXBuildFile; fileRef = E95C942E1AF2254D006230D8 /* MMCalendarNavigationView.xib */; };
		E95C94351AF225B2006230D8 /* MMCalendarNavigationView.m in Sources */ = {isa = PBXBuildFile; fileRef = E95C94341AF225B2006230D8 /* MMCalendarNavigationView.m */; };
		E96FA2B61AEA0E47007CAB3E /* MMCalendarDetailViewController.m in Sources */ = {isa = PBXBuildFile; fileRef = E96FA2B51AEA0E47007CAB3E /* MMCalendarDetailViewController.m */; };
		E9756BF919C5E7F6007791FB /* README.md in Resources */ = {isa = PBXBuildFile; fileRef = E9756BF819C5E7F6007791FB /* README.md */; };
		E9756BFC19C5EE49007791FB /* MMInputInfoViewController.m in Sources */ = {isa = PBXBuildFile; fileRef = E9756BFB19C5EE49007791FB /* MMInputInfoViewController.m */; };
		E9756BFF19C5EE83007791FB /* MMInputDetailInfoViewController.m in Sources */ = {isa = PBXBuildFile; fileRef = E9756BFE19C5EE83007791FB /* MMInputDetailInfoViewController.m */; };
		E977382F19E0238D00FA5805 /* background.png in Resources */ = {isa = PBXBuildFile; fileRef = E977382E19E0238D00FA5805 /* background.png */; };
		E984B2841AA844BD00FDAE82 /* breakfast_mark.png in Resources */ = {isa = PBXBuildFile; fileRef = E984B2821AA844BD00FDAE82 /* breakfast_mark.png */; };
		E984B2851AA844BD00FDAE82 /* dinner_mark.png in Resources */ = {isa = PBXBuildFile; fileRef = E984B2831AA844BD00FDAE82 /* dinner_mark.png */; };
		E984B2871AA844F500FDAE82 /* lunch_mark.png in Resources */ = {isa = PBXBuildFile; fileRef = E984B2861AA844F500FDAE82 /* lunch_mark.png */; };
		E984B2891AA8482100FDAE82 /* day_mark.png in Resources */ = {isa = PBXBuildFile; fileRef = E984B2881AA8482100FDAE82 /* day_mark.png */; };
		E9B2A1BD1AA76829002E9F1E /* MMAlertView.m in Sources */ = {isa = PBXBuildFile; fileRef = E9B2A1BC1AA76829002E9F1E /* MMAlertView.m */; };
		E9DD495619C5E6BC008E8739 /* Foundation.framework in Frameworks */ = {isa = PBXBuildFile; fileRef = E9DD495519C5E6BC008E8739 /* Foundation.framework */; };
		E9DD495819C5E6BC008E8739 /* CoreGraphics.framework in Frameworks */ = {isa = PBXBuildFile; fileRef = E9DD495719C5E6BC008E8739 /* CoreGraphics.framework */; };
		E9DD495A19C5E6BC008E8739 /* UIKit.framework in Frameworks */ = {isa = PBXBuildFile; fileRef = E9DD495919C5E6BC008E8739 /* UIKit.framework */; };
		E9DD496019C5E6BC008E8739 /* InfoPlist.strings in Resources */ = {isa = PBXBuildFile; fileRef = E9DD495E19C5E6BC008E8739 /* InfoPlist.strings */; };
		E9DD496219C5E6BC008E8739 /* main.m in Sources */ = {isa = PBXBuildFile; fileRef = E9DD496119C5E6BC008E8739 /* main.m */; };
		E9DD496619C5E6BC008E8739 /* MMAppDelegate.m in Sources */ = {isa = PBXBuildFile; fileRef = E9DD496519C5E6BC008E8739 /* MMAppDelegate.m */; };
		E9DD496919C5E6BC008E8739 /* Main.storyboard in Resources */ = {isa = PBXBuildFile; fileRef = E9DD496719C5E6BC008E8739 /* Main.storyboard */; };
		E9DD496E19C5E6BC008E8739 /* Images.xcassets in Resources */ = {isa = PBXBuildFile; fileRef = E9DD496D19C5E6BC008E8739 /* Images.xcassets */; };
		E9DD497519C5E6BD008E8739 /* XCTest.framework in Frameworks */ = {isa = PBXBuildFile; fileRef = E9DD497419C5E6BD008E8739 /* XCTest.framework */; };
		E9DD497619C5E6BD008E8739 /* Foundation.framework in Frameworks */ = {isa = PBXBuildFile; fileRef = E9DD495519C5E6BC008E8739 /* Foundation.framework */; };
		E9DD497719C5E6BD008E8739 /* UIKit.framework in Frameworks */ = {isa = PBXBuildFile; fileRef = E9DD495919C5E6BC008E8739 /* UIKit.framework */; };
		E9DD497F19C5E6BD008E8739 /* InfoPlist.strings in Resources */ = {isa = PBXBuildFile; fileRef = E9DD497D19C5E6BD008E8739 /* InfoPlist.strings */; };
		E9DD498119C5E6BD008E8739 /* MealReportTests.m in Sources */ = {isa = PBXBuildFile; fileRef = E9DD498019C5E6BD008E8739 /* MealReportTests.m */; };
		E9E981C619DF1F4900AD254B /* buttonFrameBlue.png in Resources */ = {isa = PBXBuildFile; fileRef = E9E981BF19DF1F4900AD254B /* buttonFrameBlue.png */; };
		E9E981C719DF1F4900AD254B /* buttonFrameRed.png in Resources */ = {isa = PBXBuildFile; fileRef = E9E981C019DF1F4900AD254B /* buttonFrameRed.png */; };
		E9E981C819DF1F4900AD254B /* buttonFrameYellow.png in Resources */ = {isa = PBXBuildFile; fileRef = E9E981C119DF1F4900AD254B /* buttonFrameYellow.png */; };
		E9E981C919DF1F4900AD254B /* iconBlack.png in Resources */ = {isa = PBXBuildFile; fileRef = E9E981C219DF1F4900AD254B /* iconBlack.png */; };
		E9E981CA19DF1F4900AD254B /* iconBlue.png in Resources */ = {isa = PBXBuildFile; fileRef = E9E981C319DF1F4900AD254B /* iconBlue.png */; };
		E9E981CB19DF1F4900AD254B /* iconRed.png in Resources */ = {isa = PBXBuildFile; fileRef = E9E981C419DF1F4900AD254B /* iconRed.png */; };
		E9E981CC19DF1F4900AD254B /* iconYellow.png in Resources */ = {isa = PBXBuildFile; fileRef = E9E981C519DF1F4900AD254B /* iconYellow.png */; };
		E9E981CE19DF1F5800AD254B /* Launch Screen.xib in Resources */ = {isa = PBXBuildFile; fileRef = E9E981CD19DF1F5800AD254B /* Launch Screen.xib */; };
		E9E981D219DF214000AD254B /* Model.xcdatamodeld in Sources */ = {isa = PBXBuildFile; fileRef = E9E981D019DF214000AD254B /* Model.xcdatamodeld */; };
		E9FA6AD21AEE2B1E00A098AB /* MMColor.m in Sources */ = {isa = PBXBuildFile; fileRef = E9FA6AD11AEE2B1E00A098AB /* MMColor.m */; };
/* End PBXBuildFile section */

/* Begin PBXContainerItemProxy section */
		E9DD497819C5E6BD008E8739 /* PBXContainerItemProxy */ = {
			isa = PBXContainerItemProxy;
			containerPortal = E9DD494A19C5E6BC008E8739 /* Project object */;
			proxyType = 1;
			remoteGlobalIDString = E9DD495119C5E6BC008E8739;
			remoteInfo = MealReport;
		};
/* End PBXContainerItemProxy section */

/* Begin PBXFileReference section */
		6DCBEE6DA0655A2958DBBAAD /* libPods.a */ = {isa = PBXFileReference; explicitFileType = archive.ar; includeInIndex = 0; path = libPods.a; sourceTree = BUILT_PRODUCTS_DIR; };
		8D21C2FF0273E808B0F87E5C /* Pods.release.xcconfig */ = {isa = PBXFileReference; includeInIndex = 1; lastKnownFileType = text.xcconfig; name = Pods.release.xcconfig; path = "Pods/Target Support Files/Pods/Pods.release.xcconfig"; sourceTree = "<group>"; };
		B79E2607FA705862839FDE04 /* Pods.debug.xcconfig */ = {isa = PBXFileReference; includeInIndex = 1; lastKnownFileType = text.xcconfig; name = Pods.debug.xcconfig; path = "Pods/Target Support Files/Pods/Pods.debug.xcconfig"; sourceTree = "<group>"; };
		E91F5A791AA7833000987AD6 /* MMString.h */ = {isa = PBXFileReference; fileEncoding = 4; lastKnownFileType = sourcecode.c.h; path = MMString.h; sourceTree = "<group>"; };
		E91F5A7A1AA7833000987AD6 /* MMString.m */ = {isa = PBXFileReference; fileEncoding = 4; lastKnownFileType = sourcecode.c.objc; path = MMString.m; sourceTree = "<group>"; };
		E91F5AA91AA802E300987AD6 /* MMCalendarViewController.h */ = {isa = PBXFileReference; fileEncoding = 4; lastKnownFileType = sourcecode.c.h; path = MMCalendarViewController.h; sourceTree = "<group>"; };
		E91F5AAA1AA802E300987AD6 /* MMCalendarViewController.m */ = {isa = PBXFileReference; fileEncoding = 4; lastKnownFileType = sourcecode.c.objc; path = MMCalendarViewController.m; sourceTree = "<group>"; };
		E91F5AAC1AA802F800987AD6 /* MMCalendarCollectionViewCell.h */ = {isa = PBXFileReference; fileEncoding = 4; lastKnownFileType = sourcecode.c.h; path = MMCalendarCollectionViewCell.h; sourceTree = "<group>"; };
		E91F5AAD1AA802F800987AD6 /* MMCalendarCollectionViewCell.m */ = {isa = PBXFileReference; fileEncoding = 4; lastKnownFileType = sourcecode.c.objc; path = MMCalendarCollectionViewCell.m; sourceTree = "<group>"; };
		E91F5AAF1AA8031700987AD6 /* MMCalendarCollectionReusableView.h */ = {isa = PBXFileReference; fileEncoding = 4; lastKnownFileType = sourcecode.c.h; path = MMCalendarCollectionReusableView.h; sourceTree = "<group>"; };
		E91F5AB01AA8031700987AD6 /* MMCalendarCollectionReusableView.m */ = {isa = PBXFileReference; fileEncoding = 4; lastKnownFileType = sourcecode.c.objc; path = MMCalendarCollectionReusableView.m; sourceTree = "<group>"; };
		E91F5AB21AA81A6600987AD6 /* leftArrowWindow.png */ = {isa = PBXFileReference; lastKnownFileType = image.png; name = leftArrowWindow.png; path = image/leftArrowWindow.png; sourceTree = "<group>"; };
		E91F5AB31AA81A6600987AD6 /* orange_window.png */ = {isa = PBXFileReference; lastKnownFileType = image.png; name = orange_window.png; path = image/orange_window.png; sourceTree = "<group>"; };
		E91F5AB41AA81A6600987AD6 /* rightArrowWindow.png */ = {isa = PBXFileReference; lastKnownFileType = image.png; name = rightArrowWindow.png; path = image/rightArrowWindow.png; sourceTree = "<group>"; };
		E91F5ABA1AA82D8300987AD6 /* barIcon_pencil-Small.png */ = {isa = PBXFileReference; lastKnownFileType = image.png; name = "barIcon_pencil-Small.png"; path = "image/barIcon_pencil-Small.png"; sourceTree = "<group>"; };
		E91F5ABB1AA82D8300987AD6 /* barIcon_pencil-Small@2x.png */ = {isa = PBXFileReference; lastKnownFileType = image.png; name = "barIcon_pencil-Small@2x.png"; path = "image/barIcon_pencil-Small@2x.png"; sourceTree = "<group>"; };
		E91F5ABC1AA82D8300987AD6 /* barIcon_pencil-Small@3x.png */ = {isa = PBXFileReference; lastKnownFileType = image.png; name = "barIcon_pencil-Small@3x.png"; path = "image/barIcon_pencil-Small@3x.png"; sourceTree = "<group>"; };
		E91F5AC01AA834DE00987AD6 /* barIcon_calndar-Small.png */ = {isa = PBXFileReference; lastKnownFileType = image.png; name = "barIcon_calndar-Small.png"; path = "image/barIcon_calndar-Small.png"; sourceTree = "<group>"; };
		E91F5AC11AA834DE00987AD6 /* barIcon_calndar-Small@2x.png */ = {isa = PBXFileReference; lastKnownFileType = image.png; name = "barIcon_calndar-Small@2x.png"; path = "image/barIcon_calndar-Small@2x.png"; sourceTree = "<group>"; };
		E91F5AC21AA834DE00987AD6 /* barIcon_calndar-Small@3x.png */ = {isa = PBXFileReference; lastKnownFileType = image.png; name = "barIcon_calndar-Small@3x.png"; path = "image/barIcon_calndar-Small@3x.png"; sourceTree = "<group>"; };
		E92514BE1AF20C3700ED8CD1 /* leftArrow.png */ = {isa = PBXFileReference; lastKnownFileType = image.png; name = leftArrow.png; path = image/leftArrow.png; sourceTree = "<group>"; };
		E92514BF1AF20C3700ED8CD1 /* rightArrow.png */ = {isa = PBXFileReference; lastKnownFileType = image.png; name = rightArrow.png; path = image/rightArrow.png; sourceTree = "<group>"; };
		E92C15B51AEFCB96008C922C /* Record.h */ = {isa = PBXFileReference; fileEncoding = 4; lastKnownFileType = sourcecode.c.h; path = Record.h; sourceTree = "<group>"; };
		E92C15B61AEFCB96008C922C /* Record.m */ = {isa = PBXFileReference; fileEncoding = 4; lastKnownFileType = sourcecode.c.objc; path = Record.m; sourceTree = "<group>"; };
		E92C15B81AEFDC7F008C922C /* blueWindow.png */ = {isa = PBXFileReference; lastKnownFileType = image.png; name = blueWindow.png; path = image/blueWindow.png; sourceTree = "<group>"; };
		E92C15B91AEFDC7F008C922C /* leftArrowBlue.png */ = {isa = PBXFileReference; lastKnownFileType = image.png; name = leftArrowBlue.png; path = image/leftArrowBlue.png; sourceTree = "<group>"; };
		E92C15BA1AEFDC7F008C922C /* rightArrowBlue.png */ = {isa = PBXFileReference; lastKnownFileType = image.png; name = rightArrowBlue.png; path = image/rightArrowBlue.png; sourceTree = "<group>"; };
		E936250A1B3EFB8900A3C3D9 /* MealReport-Bridging-Header.h */ = {isa = PBXFileReference; lastKnownFileType = sourcecode.c.h; path = "MealReport-Bridging-Header.h"; sourceTree = "<group>"; };
		E936250B1B3EFB8A00A3C3D9 /* MMLoginViewController.swift */ = {isa = PBXFileReference; fileEncoding = 4; lastKnownFileType = sourcecode.swift; path = MMLoginViewController.swift; sourceTree = "<group>"; };
		E936250D1B3EFBA600A3C3D9 /* MMSignUpViewController.swift */ = {isa = PBXFileReference; fileEncoding = 4; lastKnownFileType = sourcecode.swift; path = MMSignUpViewController.swift; sourceTree = "<group>"; };
		E93625101B3FBC3500A3C3D9 /* MMSignupTableViewCell.swift */ = {isa = PBXFileReference; fileEncoding = 4; lastKnownFileType = sourcecode.swift; path = MMSignupTableViewCell.swift; sourceTree = "<group>"; };
		E945FA7E1AD835E90046C849 /* barIcon_list-Small.png */ = {isa = PBXFileReference; lastKnownFileType = image.png; name = "barIcon_list-Small.png"; path = "image/barIcon_list-Small.png"; sourceTree = "<group>"; };
		E945FA7F1AD835E90046C849 /* barIcon_list-Small@2x.png */ = {isa = PBXFileReference; lastKnownFileType = image.png; name = "barIcon_list-Small@2x.png"; path = "image/barIcon_list-Small@2x.png"; sourceTree = "<group>"; };
		E945FA801AD835E90046C849 /* barIcon_list-Small@3x.png */ = {isa = PBXFileReference; lastKnownFileType = image.png; name = "barIcon_list-Small@3x.png"; path = "image/barIcon_list-Small@3x.png"; sourceTree = "<group>"; };
		E95C94171AF21A37006230D8 /* leftArrow.jpg */ = {isa = PBXFileReference; lastKnownFileType = image.jpeg; name = leftArrow.jpg; path = image/leftArrow.jpg; sourceTree = "<group>"; };
		E95C94211AF21D9C006230D8 /* rightArrow-Small.png */ = {isa = PBXFileReference; lastKnownFileType = image.png; name = "rightArrow-Small.png"; path = "image/rightArrow-Small.png"; sourceTree = "<group>"; };
		E95C94221AF21D9C006230D8 /* rightArrow-Small@2x.png */ = {isa = PBXFileReference; lastKnownFileType = image.png; name = "rightArrow-Small@2x.png"; path = "image/rightArrow-Small@2x.png"; sourceTree = "<group>"; };
		E95C94231AF21D9C006230D8 /* rightArrow-Small@3x.png */ = {isa = PBXFileReference; lastKnownFileType = image.png; name = "rightArrow-Small@3x.png"; path = "image/rightArrow-Small@3x.png"; sourceTree = "<group>"; };
		E95C942E1AF2254D006230D8 /* MMCalendarNavigationView.xib */ = {isa = PBXFileReference; fileEncoding = 4; lastKnownFileType = file.xib; path = MMCalendarNavigationView.xib; sourceTree = "<group>"; };
		E95C94331AF225B2006230D8 /* MMCalendarNavigationView.h */ = {isa = PBXFileReference; fileEncoding = 4; lastKnownFileType = sourcecode.c.h; path = MMCalendarNavigationView.h; sourceTree = "<group>"; };
		E95C94341AF225B2006230D8 /* MMCalendarNavigationView.m */ = {isa = PBXFileReference; fileEncoding = 4; lastKnownFileType = sourcecode.c.objc; path = MMCalendarNavigationView.m; sourceTree = "<group>"; };
		E96FA2B41AEA0E47007CAB3E /* MMCalendarDetailViewController.h */ = {isa = PBXFileReference; fileEncoding = 4; lastKnownFileType = sourcecode.c.h; path = MMCalendarDetailViewController.h; sourceTree = "<group>"; };
		E96FA2B51AEA0E47007CAB3E /* MMCalendarDetailViewController.m */ = {isa = PBXFileReference; fileEncoding = 4; lastKnownFileType = sourcecode.c.objc; path = MMCalendarDetailViewController.m; sourceTree = "<group>"; };
		E9756BF819C5E7F6007791FB /* README.md */ = {isa = PBXFileReference; fileEncoding = 4; lastKnownFileType = text; path = README.md; sourceTree = "<group>"; };
		E9756BFA19C5EE49007791FB /* MMInputInfoViewController.h */ = {isa = PBXFileReference; fileEncoding = 4; lastKnownFileType = sourcecode.c.h; path = MMInputInfoViewController.h; sourceTree = "<group>"; };
		E9756BFB19C5EE49007791FB /* MMInputInfoViewController.m */ = {isa = PBXFileReference; fileEncoding = 4; lastKnownFileType = sourcecode.c.objc; path = MMInputInfoViewController.m; sourceTree = "<group>"; };
		E9756BFD19C5EE83007791FB /* MMInputDetailInfoViewController.h */ = {isa = PBXFileReference; fileEncoding = 4; lastKnownFileType = sourcecode.c.h; path = MMInputDetailInfoViewController.h; sourceTree = "<group>"; };
		E9756BFE19C5EE83007791FB /* MMInputDetailInfoViewController.m */ = {isa = PBXFileReference; fileEncoding = 4; lastKnownFileType = sourcecode.c.objc; path = MMInputDetailInfoViewController.m; sourceTree = "<group>"; };
		E977382119DF256400FA5805 /* CoreData.framework */ = {isa = PBXFileReference; lastKnownFileType = wrapper.framework; name = CoreData.framework; path = System/Library/Frameworks/CoreData.framework; sourceTree = SDKROOT; };
		E977382619DF26E800FA5805 /* CoreLocation.framework */ = {isa = PBXFileReference; lastKnownFileType = wrapper.framework; name = CoreLocation.framework; path = System/Library/Frameworks/CoreLocation.framework; sourceTree = SDKROOT; };
		E977382E19E0238D00FA5805 /* background.png */ = {isa = PBXFileReference; lastKnownFileType = image.png; name = background.png; path = image/background.png; sourceTree = "<group>"; };
		E984B2821AA844BD00FDAE82 /* breakfast_mark.png */ = {isa = PBXFileReference; lastKnownFileType = image.png; name = breakfast_mark.png; path = image/breakfast_mark.png; sourceTree = "<group>"; };
		E984B2831AA844BD00FDAE82 /* dinner_mark.png */ = {isa = PBXFileReference; lastKnownFileType = image.png; name = dinner_mark.png; path = image/dinner_mark.png; sourceTree = "<group>"; };
		E984B2861AA844F500FDAE82 /* lunch_mark.png */ = {isa = PBXFileReference; lastKnownFileType = image.png; name = lunch_mark.png; path = image/lunch_mark.png; sourceTree = "<group>"; };
		E984B2881AA8482100FDAE82 /* day_mark.png */ = {isa = PBXFileReference; lastKnownFileType = image.png; name = day_mark.png; path = image/day_mark.png; sourceTree = "<group>"; };
		E9B2A1BB1AA76829002E9F1E /* MMAlertView.h */ = {isa = PBXFileReference; fileEncoding = 4; lastKnownFileType = sourcecode.c.h; path = MMAlertView.h; sourceTree = "<group>"; };
		E9B2A1BC1AA76829002E9F1E /* MMAlertView.m */ = {isa = PBXFileReference; fileEncoding = 4; lastKnownFileType = sourcecode.c.objc; path = MMAlertView.m; sourceTree = "<group>"; };
		E9DD495219C5E6BC008E8739 /* MealReport.app */ = {isa = PBXFileReference; explicitFileType = wrapper.application; includeInIndex = 0; path = MealReport.app; sourceTree = BUILT_PRODUCTS_DIR; };
		E9DD495519C5E6BC008E8739 /* Foundation.framework */ = {isa = PBXFileReference; lastKnownFileType = wrapper.framework; name = Foundation.framework; path = System/Library/Frameworks/Foundation.framework; sourceTree = SDKROOT; };
		E9DD495719C5E6BC008E8739 /* CoreGraphics.framework */ = {isa = PBXFileReference; lastKnownFileType = wrapper.framework; name = CoreGraphics.framework; path = System/Library/Frameworks/CoreGraphics.framework; sourceTree = SDKROOT; };
		E9DD495919C5E6BC008E8739 /* UIKit.framework */ = {isa = PBXFileReference; lastKnownFileType = wrapper.framework; name = UIKit.framework; path = System/Library/Frameworks/UIKit.framework; sourceTree = SDKROOT; };
		E9DD495D19C5E6BC008E8739 /* MealReport-Info.plist */ = {isa = PBXFileReference; lastKnownFileType = text.plist.xml; path = "MealReport-Info.plist"; sourceTree = "<group>"; };
		E9DD495F19C5E6BC008E8739 /* en */ = {isa = PBXFileReference; lastKnownFileType = text.plist.strings; name = en; path = en.lproj/InfoPlist.strings; sourceTree = "<group>"; };
		E9DD496119C5E6BC008E8739 /* main.m */ = {isa = PBXFileReference; lastKnownFileType = sourcecode.c.objc; path = main.m; sourceTree = "<group>"; };
		E9DD496319C5E6BC008E8739 /* MealReport-Prefix.pch */ = {isa = PBXFileReference; lastKnownFileType = sourcecode.c.h; path = "MealReport-Prefix.pch"; sourceTree = "<group>"; };
		E9DD496419C5E6BC008E8739 /* MMAppDelegate.h */ = {isa = PBXFileReference; lastKnownFileType = sourcecode.c.h; path = MMAppDelegate.h; sourceTree = "<group>"; };
		E9DD496519C5E6BC008E8739 /* MMAppDelegate.m */ = {isa = PBXFileReference; lastKnownFileType = sourcecode.c.objc; path = MMAppDelegate.m; sourceTree = "<group>"; };
		E9DD496819C5E6BC008E8739 /* Base */ = {isa = PBXFileReference; lastKnownFileType = file.storyboard; name = Base; path = Base.lproj/Main.storyboard; sourceTree = "<group>"; };
		E9DD496D19C5E6BC008E8739 /* Images.xcassets */ = {isa = PBXFileReference; lastKnownFileType = folder.assetcatalog; path = Images.xcassets; sourceTree = "<group>"; };
		E9DD497319C5E6BD008E8739 /* MealReportTests.xctest */ = {isa = PBXFileReference; explicitFileType = wrapper.cfbundle; includeInIndex = 0; path = MealReportTests.xctest; sourceTree = BUILT_PRODUCTS_DIR; };
		E9DD497419C5E6BD008E8739 /* XCTest.framework */ = {isa = PBXFileReference; lastKnownFileType = wrapper.framework; name = XCTest.framework; path = Library/Frameworks/XCTest.framework; sourceTree = DEVELOPER_DIR; };
		E9DD497C19C5E6BD008E8739 /* MealReportTests-Info.plist */ = {isa = PBXFileReference; lastKnownFileType = text.plist.xml; path = "MealReportTests-Info.plist"; sourceTree = "<group>"; };
		E9DD497E19C5E6BD008E8739 /* en */ = {isa = PBXFileReference; lastKnownFileType = text.plist.strings; name = en; path = en.lproj/InfoPlist.strings; sourceTree = "<group>"; };
		E9DD498019C5E6BD008E8739 /* MealReportTests.m */ = {isa = PBXFileReference; lastKnownFileType = sourcecode.c.objc; path = MealReportTests.m; sourceTree = "<group>"; };
		E9E981BF19DF1F4900AD254B /* buttonFrameBlue.png */ = {isa = PBXFileReference; lastKnownFileType = image.png; name = buttonFrameBlue.png; path = image/buttonFrameBlue.png; sourceTree = "<group>"; };
		E9E981C019DF1F4900AD254B /* buttonFrameRed.png */ = {isa = PBXFileReference; lastKnownFileType = image.png; name = buttonFrameRed.png; path = image/buttonFrameRed.png; sourceTree = "<group>"; };
		E9E981C119DF1F4900AD254B /* buttonFrameYellow.png */ = {isa = PBXFileReference; lastKnownFileType = image.png; name = buttonFrameYellow.png; path = image/buttonFrameYellow.png; sourceTree = "<group>"; };
		E9E981C219DF1F4900AD254B /* iconBlack.png */ = {isa = PBXFileReference; lastKnownFileType = image.png; name = iconBlack.png; path = image/iconBlack.png; sourceTree = "<group>"; };
		E9E981C319DF1F4900AD254B /* iconBlue.png */ = {isa = PBXFileReference; lastKnownFileType = image.png; name = iconBlue.png; path = image/iconBlue.png; sourceTree = "<group>"; };
		E9E981C419DF1F4900AD254B /* iconRed.png */ = {isa = PBXFileReference; lastKnownFileType = image.png; name = iconRed.png; path = image/iconRed.png; sourceTree = "<group>"; };
		E9E981C519DF1F4900AD254B /* iconYellow.png */ = {isa = PBXFileReference; lastKnownFileType = image.png; name = iconYellow.png; path = image/iconYellow.png; sourceTree = "<group>"; };
		E9E981CD19DF1F5800AD254B /* Launch Screen.xib */ = {isa = PBXFileReference; fileEncoding = 4; lastKnownFileType = file.xib; name = "Launch Screen.xib"; path = "image/Launch Screen.xib"; sourceTree = "<group>"; };
		E9E981D119DF214000AD254B /* Model.xcdatamodel */ = {isa = PBXFileReference; lastKnownFileType = wrapper.xcdatamodel; path = Model.xcdatamodel; sourceTree = "<group>"; };
		E9FA6AD01AEE2B1E00A098AB /* MMColor.h */ = {isa = PBXFileReference; fileEncoding = 4; lastKnownFileType = sourcecode.c.h; path = MMColor.h; sourceTree = "<group>"; };
		E9FA6AD11AEE2B1E00A098AB /* MMColor.m */ = {isa = PBXFileReference; fileEncoding = 4; lastKnownFileType = sourcecode.c.objc; path = MMColor.m; sourceTree = "<group>"; };
/* End PBXFileReference section */

/* Begin PBXFrameworksBuildPhase section */
		E9DD494F19C5E6BC008E8739 /* Frameworks */ = {
			isa = PBXFrameworksBuildPhase;
			buildActionMask = 2147483647;
			files = (
				E9DD495819C5E6BC008E8739 /* CoreGraphics.framework in Frameworks */,
				E9DD495A19C5E6BC008E8739 /* UIKit.framework in Frameworks */,
				E9DD495619C5E6BC008E8739 /* Foundation.framework in Frameworks */,
				30E4D0FEDDF5C47B4EA044B9 /* libPods.a in Frameworks */,
			);
			runOnlyForDeploymentPostprocessing = 0;
		};
		E9DD497019C5E6BD008E8739 /* Frameworks */ = {
			isa = PBXFrameworksBuildPhase;
			buildActionMask = 2147483647;
			files = (
				E9DD497519C5E6BD008E8739 /* XCTest.framework in Frameworks */,
				E9DD497719C5E6BD008E8739 /* UIKit.framework in Frameworks */,
				E9DD497619C5E6BD008E8739 /* Foundation.framework in Frameworks */,
			);
			runOnlyForDeploymentPostprocessing = 0;
		};
/* End PBXFrameworksBuildPhase section */

/* Begin PBXGroup section */
		74A72F7028FC3847B7F07BDA /* Pods */ = {
			isa = PBXGroup;
			children = (
				B79E2607FA705862839FDE04 /* Pods.debug.xcconfig */,
				8D21C2FF0273E808B0F87E5C /* Pods.release.xcconfig */,
			);
			name = Pods;
			sourceTree = "<group>";
		};
		E91F5A7C1AA7833D00987AD6 /* MMString */ = {
			isa = PBXGroup;
			children = (
				E91F5A791AA7833000987AD6 /* MMString.h */,
				E91F5A7A1AA7833000987AD6 /* MMString.m */,
			);
			name = MMString;
			sourceTree = "<group>";
		};
		E93625051B3EFB2500A3C3D9 /* Common */ = {
			isa = PBXGroup;
			children = (
				E9FA6AD31AEE2B2A00A098AB /* MMColor */,
				E91F5A7C1AA7833D00987AD6 /* MMString */,
				E9B2A1BF1AA76847002E9F1E /* MMAlertView */,
				E9B2A1BE1AA7683C002E9F1E /* MMAppDelegate */,
			);
			name = Common;
			sourceTree = "<group>";
		};
		E93625061B3EFB4000A3C3D9 /* Content */ = {
			isa = PBXGroup;
			children = (
				E936250F1B3EFBAC00A3C3D9 /* Account */,
				E9756C0C19C5EF4A007791FB /* InputTab */,
				E9756C0D19C5EF8D007791FB /* CalendarTab */,
			);
			name = Content;
			sourceTree = "<group>";
		};
		E936250F1B3EFBAC00A3C3D9 /* Account */ = {
			isa = PBXGroup;
			children = (
				E936250B1B3EFB8A00A3C3D9 /* MMLoginViewController.swift */,
				E93625121B3FBC3D00A3C3D9 /* SignUp */,
			);
			name = Account;
			sourceTree = "<group>";
		};
		E93625121B3FBC3D00A3C3D9 /* SignUp */ = {
			isa = PBXGroup;
			children = (
				E936250D1B3EFBA600A3C3D9 /* MMSignUpViewController.swift */,
				E93625101B3FBC3500A3C3D9 /* MMSignupTableViewCell.swift */,
			);
			name = SignUp;
			sourceTree = "<group>";
		};
		E9756C0C19C5EF4A007791FB /* InputTab */ = {
			isa = PBXGroup;
			children = (
				E9756BFA19C5EE49007791FB /* MMInputInfoViewController.h */,
				E9756BFB19C5EE49007791FB /* MMInputInfoViewController.m */,
				E9756BFD19C5EE83007791FB /* MMInputDetailInfoViewController.h */,
				E9756BFE19C5EE83007791FB /* MMInputDetailInfoViewController.m */,
			);
			name = InputTab;
			sourceTree = "<group>";
		};
		E9756C0D19C5EF8D007791FB /* CalendarTab */ = {
			isa = PBXGroup;
			children = (
				E91F5AA91AA802E300987AD6 /* MMCalendarViewController.h */,
				E91F5AAA1AA802E300987AD6 /* MMCalendarViewController.m */,
				E91F5AAC1AA802F800987AD6 /* MMCalendarCollectionViewCell.h */,
				E91F5AAD1AA802F800987AD6 /* MMCalendarCollectionViewCell.m */,
				E91F5AAF1AA8031700987AD6 /* MMCalendarCollectionReusableView.h */,
				E91F5AB01AA8031700987AD6 /* MMCalendarCollectionReusableView.m */,
				E96FA2B41AEA0E47007CAB3E /* MMCalendarDetailViewController.h */,
				E96FA2B51AEA0E47007CAB3E /* MMCalendarDetailViewController.m */,
				E95C942E1AF2254D006230D8 /* MMCalendarNavigationView.xib */,
				E95C94331AF225B2006230D8 /* MMCalendarNavigationView.h */,
				E95C94341AF225B2006230D8 /* MMCalendarNavigationView.m */,
			);
			name = CalendarTab;
			sourceTree = "<group>";
		};
		E9B2A1BE1AA7683C002E9F1E /* MMAppDelegate */ = {
			isa = PBXGroup;
			children = (
				E9DD496419C5E6BC008E8739 /* MMAppDelegate.h */,
				E9DD496519C5E6BC008E8739 /* MMAppDelegate.m */,
			);
			name = MMAppDelegate;
			sourceTree = "<group>";
		};
		E9B2A1BF1AA76847002E9F1E /* MMAlertView */ = {
			isa = PBXGroup;
			children = (
				E9B2A1BB1AA76829002E9F1E /* MMAlertView.h */,
				E9B2A1BC1AA76829002E9F1E /* MMAlertView.m */,
			);
			name = MMAlertView;
			path = ..;
			sourceTree = "<group>";
		};
		E9DD494919C5E6BC008E8739 = {
			isa = PBXGroup;
			children = (
				E9756BF819C5E7F6007791FB /* README.md */,
				E9DDDC3319C601CA00F1F160 /* Resource */,
				E9DD495B19C5E6BC008E8739 /* MealReport */,
				E9DD497A19C5E6BD008E8739 /* MealReportTests */,
				E9DD495419C5E6BC008E8739 /* Frameworks */,
				E9DD495319C5E6BC008E8739 /* Products */,
				74A72F7028FC3847B7F07BDA /* Pods */,
			);
			sourceTree = "<group>";
		};
		E9DD495319C5E6BC008E8739 /* Products */ = {
			isa = PBXGroup;
			children = (
				E9DD495219C5E6BC008E8739 /* MealReport.app */,
				E9DD497319C5E6BD008E8739 /* MealReportTests.xctest */,
			);
			name = Products;
			sourceTree = "<group>";
		};
		E9DD495419C5E6BC008E8739 /* Frameworks */ = {
			isa = PBXGroup;
			children = (
				E977382619DF26E800FA5805 /* CoreLocation.framework */,
				E977382119DF256400FA5805 /* CoreData.framework */,
				E9DD495519C5E6BC008E8739 /* Foundation.framework */,
				E9DD495719C5E6BC008E8739 /* CoreGraphics.framework */,
				E9DD495919C5E6BC008E8739 /* UIKit.framework */,
				E9DD497419C5E6BD008E8739 /* XCTest.framework */,
				6DCBEE6DA0655A2958DBBAAD /* libPods.a */,
			);
			name = Frameworks;
			sourceTree = "<group>";
		};
		E9DD495B19C5E6BC008E8739 /* MealReport */ = {
			isa = PBXGroup;
			children = (
				E93625051B3EFB2500A3C3D9 /* Common */,
				E93625061B3EFB4000A3C3D9 /* Content */,
				E9E981CF19DF20FD00AD254B /* CoreData */,
				E9DD496719C5E6BC008E8739 /* Main.storyboard */,
				E9DD496D19C5E6BC008E8739 /* Images.xcassets */,
				E9DD495C19C5E6BC008E8739 /* Supporting Files */,
			);
			path = MealReport;
			sourceTree = "<group>";
		};
		E9DD495C19C5E6BC008E8739 /* Supporting Files */ = {
			isa = PBXGroup;
			children = (
				E936250A1B3EFB8900A3C3D9 /* MealReport-Bridging-Header.h */,
				E9DD495D19C5E6BC008E8739 /* MealReport-Info.plist */,
				E9DD495E19C5E6BC008E8739 /* InfoPlist.strings */,
				E9DD496119C5E6BC008E8739 /* main.m */,
				E9DD496319C5E6BC008E8739 /* MealReport-Prefix.pch */,
			);
			name = "Supporting Files";
			sourceTree = "<group>";
		};
		E9DD497A19C5E6BD008E8739 /* MealReportTests */ = {
			isa = PBXGroup;
			children = (
				E9DD498019C5E6BD008E8739 /* MealReportTests.m */,
				E9DD497B19C5E6BD008E8739 /* Supporting Files */,
			);
			path = MealReportTests;
			sourceTree = "<group>";
		};
		E9DD497B19C5E6BD008E8739 /* Supporting Files */ = {
			isa = PBXGroup;
			children = (
				E9DD497C19C5E6BD008E8739 /* MealReportTests-Info.plist */,
				E9DD497D19C5E6BD008E8739 /* InfoPlist.strings */,
			);
			name = "Supporting Files";
			sourceTree = "<group>";
		};
		E9DDDC3319C601CA00F1F160 /* Resource */ = {
			isa = PBXGroup;
			children = (
				E95C94211AF21D9C006230D8 /* rightArrow-Small.png */,
				E95C94221AF21D9C006230D8 /* rightArrow-Small@2x.png */,
				E95C94231AF21D9C006230D8 /* rightArrow-Small@3x.png */,
				E95C94171AF21A37006230D8 /* leftArrow.jpg */,
				E92514BE1AF20C3700ED8CD1 /* leftArrow.png */,
				E92514BF1AF20C3700ED8CD1 /* rightArrow.png */,
				E92C15B81AEFDC7F008C922C /* blueWindow.png */,
				E92C15B91AEFDC7F008C922C /* leftArrowBlue.png */,
				E92C15BA1AEFDC7F008C922C /* rightArrowBlue.png */,
				E945FA7E1AD835E90046C849 /* barIcon_list-Small.png */,
				E945FA7F1AD835E90046C849 /* barIcon_list-Small@2x.png */,
				E945FA801AD835E90046C849 /* barIcon_list-Small@3x.png */,
				E984B2881AA8482100FDAE82 /* day_mark.png */,
				E984B2861AA844F500FDAE82 /* lunch_mark.png */,
				E984B2821AA844BD00FDAE82 /* breakfast_mark.png */,
				E984B2831AA844BD00FDAE82 /* dinner_mark.png */,
				E91F5AC01AA834DE00987AD6 /* barIcon_calndar-Small.png */,
				E91F5AC11AA834DE00987AD6 /* barIcon_calndar-Small@2x.png */,
				E91F5AC21AA834DE00987AD6 /* barIcon_calndar-Small@3x.png */,
				E91F5ABA1AA82D8300987AD6 /* barIcon_pencil-Small.png */,
				E91F5ABB1AA82D8300987AD6 /* barIcon_pencil-Small@2x.png */,
				E91F5ABC1AA82D8300987AD6 /* barIcon_pencil-Small@3x.png */,
				E91F5AB21AA81A6600987AD6 /* leftArrowWindow.png */,
				E91F5AB31AA81A6600987AD6 /* orange_window.png */,
				E91F5AB41AA81A6600987AD6 /* rightArrowWindow.png */,
				E9E981BF19DF1F4900AD254B /* buttonFrameBlue.png */,
				E9E981C019DF1F4900AD254B /* buttonFrameRed.png */,
				E9E981C119DF1F4900AD254B /* buttonFrameYellow.png */,
				E9E981C219DF1F4900AD254B /* iconBlack.png */,
				E9E981C319DF1F4900AD254B /* iconBlue.png */,
				E9E981C419DF1F4900AD254B /* iconRed.png */,
				E9E981C519DF1F4900AD254B /* iconYellow.png */,
				E977382E19E0238D00FA5805 /* background.png */,
				E9E981CD19DF1F5800AD254B /* Launch Screen.xib */,
			);
			name = Resource;
			sourceTree = "<group>";
		};
		E9E981CF19DF20FD00AD254B /* CoreData */ = {
			isa = PBXGroup;
			children = (
				E9E981D019DF214000AD254B /* Model.xcdatamodeld */,
				E92C15B51AEFCB96008C922C /* Record.h */,
				E92C15B61AEFCB96008C922C /* Record.m */,
			);
			name = CoreData;
			sourceTree = "<group>";
		};
		E9FA6AD31AEE2B2A00A098AB /* MMColor */ = {
			isa = PBXGroup;
			children = (
				E9FA6AD01AEE2B1E00A098AB /* MMColor.h */,
				E9FA6AD11AEE2B1E00A098AB /* MMColor.m */,
			);
			name = MMColor;
			sourceTree = "<group>";
		};
/* End PBXGroup section */

/* Begin PBXNativeTarget section */
		E9DD495119C5E6BC008E8739 /* MealReport */ = {
			isa = PBXNativeTarget;
			buildConfigurationList = E9DD498419C5E6BD008E8739 /* Build configuration list for PBXNativeTarget "MealReport" */;
			buildPhases = (
				456F0801B99190EE42F5DAC6 /* Check Pods Manifest.lock */,
				E9DD494E19C5E6BC008E8739 /* Sources */,
				E9DD494F19C5E6BC008E8739 /* Frameworks */,
				E9DD495019C5E6BC008E8739 /* Resources */,
				2A38DE22B59989C8C37E6CA0 /* Copy Pods Resources */,
			);
			buildRules = (
			);
			dependencies = (
			);
			name = MealReport;
			productName = MealReport;
			productReference = E9DD495219C5E6BC008E8739 /* MealReport.app */;
			productType = "com.apple.product-type.application";
		};
		E9DD497219C5E6BD008E8739 /* MealReportTests */ = {
			isa = PBXNativeTarget;
			buildConfigurationList = E9DD498719C5E6BD008E8739 /* Build configuration list for PBXNativeTarget "MealReportTests" */;
			buildPhases = (
				E9DD496F19C5E6BD008E8739 /* Sources */,
				E9DD497019C5E6BD008E8739 /* Frameworks */,
				E9DD497119C5E6BD008E8739 /* Resources */,
			);
			buildRules = (
			);
			dependencies = (
				E9DD497919C5E6BD008E8739 /* PBXTargetDependency */,
			);
			name = MealReportTests;
			productName = MealReportTests;
			productReference = E9DD497319C5E6BD008E8739 /* MealReportTests.xctest */;
			productType = "com.apple.product-type.bundle.unit-test";
		};
/* End PBXNativeTarget section */

/* Begin PBXProject section */
		E9DD494A19C5E6BC008E8739 /* Project object */ = {
			isa = PBXProject;
			attributes = {
				CLASSPREFIX = MM;
				LastUpgradeCheck = 0510;
				ORGANIZATIONNAME = "Minami Baba";
				TargetAttributes = {
					E9DD495119C5E6BC008E8739 = {
						DevelopmentTeam = GSYY7UBQ7A;
					};
					E9DD497219C5E6BD008E8739 = {
						TestTargetID = E9DD495119C5E6BC008E8739;
					};
				};
			};
			buildConfigurationList = E9DD494D19C5E6BC008E8739 /* Build configuration list for PBXProject "MealReport" */;
			compatibilityVersion = "Xcode 3.2";
			developmentRegion = English;
			hasScannedForEncodings = 0;
			knownRegions = (
				en,
				Base,
			);
			mainGroup = E9DD494919C5E6BC008E8739;
			productRefGroup = E9DD495319C5E6BC008E8739 /* Products */;
			projectDirPath = "";
			projectRoot = "";
			targets = (
				E9DD495119C5E6BC008E8739 /* MealReport */,
				E9DD497219C5E6BD008E8739 /* MealReportTests */,
			);
		};
/* End PBXProject section */

/* Begin PBXResourcesBuildPhase section */
		E9DD495019C5E6BC008E8739 /* Resources */ = {
			isa = PBXResourcesBuildPhase;
			buildActionMask = 2147483647;
			files = (
				E9E981C719DF1F4900AD254B /* buttonFrameRed.png in Resources */,
				E9DD496E19C5E6BC008E8739 /* Images.xcassets in Resources */,
				E9DD496019C5E6BC008E8739 /* InfoPlist.strings in Resources */,
				E91F5ABF1AA82D8300987AD6 /* barIcon_pencil-Small@3x.png in Resources */,
				E91F5AC31AA834DE00987AD6 /* barIcon_calndar-Small.png in Resources */,
				E91F5AC41AA834DE00987AD6 /* barIcon_calndar-Small@2x.png in Resources */,
				E95C94251AF21D9C006230D8 /* rightArrow-Small@2x.png in Resources */,
				E91F5AC51AA834DE00987AD6 /* barIcon_calndar-Small@3x.png in Resources */,
				E984B2871AA844F500FDAE82 /* lunch_mark.png in Resources */,
				E91F5AB61AA81A6600987AD6 /* orange_window.png in Resources */,
				E984B2841AA844BD00FDAE82 /* breakfast_mark.png in Resources */,
				E91F5ABD1AA82D8300987AD6 /* barIcon_pencil-Small.png in Resources */,
				E9E981C819DF1F4900AD254B /* buttonFrameYellow.png in Resources */,
				E9E981CA19DF1F4900AD254B /* iconBlue.png in Resources */,
				E9756BF919C5E7F6007791FB /* README.md in Resources */,
				E91F5AB71AA81A6600987AD6 /* rightArrowWindow.png in Resources */,
				E91F5AB51AA81A6600987AD6 /* leftArrowWindow.png in Resources */,
				E91F5ABE1AA82D8300987AD6 /* barIcon_pencil-Small@2x.png in Resources */,
				E984B2891AA8482100FDAE82 /* day_mark.png in Resources */,
				E92514C11AF20C3700ED8CD1 /* rightArrow.png in Resources */,
				E9E981C919DF1F4900AD254B /* iconBlack.png in Resources */,
				E9E981CB19DF1F4900AD254B /* iconRed.png in Resources */,
				E945FA811AD835E90046C849 /* barIcon_list-Small.png in Resources */,
				E95C94261AF21D9C006230D8 /* rightArrow-Small@3x.png in Resources */,
				E945FA821AD835E90046C849 /* barIcon_list-Small@2x.png in Resources */,
				E92C15BD1AEFDC7F008C922C /* rightArrowBlue.png in Resources */,
				E92514C01AF20C3700ED8CD1 /* leftArrow.png in Resources */,
				E9DD496919C5E6BC008E8739 /* Main.storyboard in Resources */,
				E95C94241AF21D9C006230D8 /* rightArrow-Small.png in Resources */,
				E95C942F1AF2254D006230D8 /* MMCalendarNavigationView.xib in Resources */,
				E92C15BC1AEFDC7F008C922C /* leftArrowBlue.png in Resources */,
				E977382F19E0238D00FA5805 /* background.png in Resources */,
				E984B2851AA844BD00FDAE82 /* dinner_mark.png in Resources */,
				E945FA831AD835E90046C849 /* barIcon_list-Small@3x.png in Resources */,
				E9E981CE19DF1F5800AD254B /* Launch Screen.xib in Resources */,
				E92C15BB1AEFDC7F008C922C /* blueWindow.png in Resources */,
				E95C94191AF21A37006230D8 /* leftArrow.jpg in Resources */,
				E9E981CC19DF1F4900AD254B /* iconYellow.png in Resources */,
				E9E981C619DF1F4900AD254B /* buttonFrameBlue.png in Resources */,
			);
			runOnlyForDeploymentPostprocessing = 0;
		};
		E9DD497119C5E6BD008E8739 /* Resources */ = {
			isa = PBXResourcesBuildPhase;
			buildActionMask = 2147483647;
			files = (
				E9DD497F19C5E6BD008E8739 /* InfoPlist.strings in Resources */,
			);
			runOnlyForDeploymentPostprocessing = 0;
		};
/* End PBXResourcesBuildPhase section */

/* Begin PBXShellScriptBuildPhase section */
		2A38DE22B59989C8C37E6CA0 /* Copy Pods Resources */ = {
			isa = PBXShellScriptBuildPhase;
			buildActionMask = 2147483647;
			files = (
			);
			inputPaths = (
			);
			name = "Copy Pods Resources";
			outputPaths = (
			);
			runOnlyForDeploymentPostprocessing = 0;
			shellPath = /bin/sh;
			shellScript = "\"${SRCROOT}/Pods/Target Support Files/Pods/Pods-resources.sh\"\n";
			showEnvVarsInLog = 0;
		};
		456F0801B99190EE42F5DAC6 /* Check Pods Manifest.lock */ = {
			isa = PBXShellScriptBuildPhase;
			buildActionMask = 2147483647;
			files = (
			);
			inputPaths = (
			);
			name = "Check Pods Manifest.lock";
			outputPaths = (
			);
			runOnlyForDeploymentPostprocessing = 0;
			shellPath = /bin/sh;
			shellScript = "diff \"${PODS_ROOT}/../Podfile.lock\" \"${PODS_ROOT}/Manifest.lock\" > /dev/null\nif [[ $? != 0 ]] ; then\n    cat << EOM\nerror: The sandbox is not in sync with the Podfile.lock. Run 'pod install' or update your CocoaPods installation.\nEOM\n    exit 1\nfi\n";
			showEnvVarsInLog = 0;
		};
/* End PBXShellScriptBuildPhase section */

/* Begin PBXSourcesBuildPhase section */
		E9DD494E19C5E6BC008E8739 /* Sources */ = {
			isa = PBXSourcesBuildPhase;
			buildActionMask = 2147483647;
			files = (
				E91F5AAE1AA802F800987AD6 /* MMCalendarCollectionViewCell.m in Sources */,
				E93625111B3FBC3500A3C3D9 /* MMSignupTableViewCell.swift in Sources */,
				E9B2A1BD1AA76829002E9F1E /* MMAlertView.m in Sources */,
				E92C15B71AEFCB96008C922C /* Record.m in Sources */,
				E91F5A7B1AA7833000987AD6 /* MMString.m in Sources */,
				E95C94351AF225B2006230D8 /* MMCalendarNavigationView.m in Sources */,
				E9756BFF19C5EE83007791FB /* MMInputDetailInfoViewController.m in Sources */,
				E936250E1B3EFBA600A3C3D9 /* MMSignUpViewController.swift in Sources */,
				E91F5AAB1AA802E300987AD6 /* MMCalendarViewController.m in Sources */,
				E9DD496619C5E6BC008E8739 /* MMAppDelegate.m in Sources */,
				E9756BFC19C5EE49007791FB /* MMInputInfoViewController.m in Sources */,
				E91F5AB11AA8031700987AD6 /* MMCalendarCollectionReusableView.m in Sources */,
				E9E981D219DF214000AD254B /* Model.xcdatamodeld in Sources */,
				E96FA2B61AEA0E47007CAB3E /* MMCalendarDetailViewController.m in Sources */,
				E9FA6AD21AEE2B1E00A098AB /* MMColor.m in Sources */,
				E936250C1B3EFB8A00A3C3D9 /* MMLoginViewController.swift in Sources */,
				E9DD496219C5E6BC008E8739 /* main.m in Sources */,
			);
			runOnlyForDeploymentPostprocessing = 0;
		};
		E9DD496F19C5E6BD008E8739 /* Sources */ = {
			isa = PBXSourcesBuildPhase;
			buildActionMask = 2147483647;
			files = (
				E9DD498119C5E6BD008E8739 /* MealReportTests.m in Sources */,
			);
			runOnlyForDeploymentPostprocessing = 0;
		};
/* End PBXSourcesBuildPhase section */

/* Begin PBXTargetDependency section */
		E9DD497919C5E6BD008E8739 /* PBXTargetDependency */ = {
			isa = PBXTargetDependency;
			target = E9DD495119C5E6BC008E8739 /* MealReport */;
			targetProxy = E9DD497819C5E6BD008E8739 /* PBXContainerItemProxy */;
		};
/* End PBXTargetDependency section */

/* Begin PBXVariantGroup section */
		E9DD495E19C5E6BC008E8739 /* InfoPlist.strings */ = {
			isa = PBXVariantGroup;
			children = (
				E9DD495F19C5E6BC008E8739 /* en */,
			);
			name = InfoPlist.strings;
			sourceTree = "<group>";
		};
		E9DD496719C5E6BC008E8739 /* Main.storyboard */ = {
			isa = PBXVariantGroup;
			children = (
				E9DD496819C5E6BC008E8739 /* Base */,
			);
			name = Main.storyboard;
			sourceTree = "<group>";
		};
		E9DD497D19C5E6BD008E8739 /* InfoPlist.strings */ = {
			isa = PBXVariantGroup;
			children = (
				E9DD497E19C5E6BD008E8739 /* en */,
			);
			name = InfoPlist.strings;
			sourceTree = "<group>";
		};
/* End PBXVariantGroup section */

/* Begin XCBuildConfiguration section */
		E9DD498219C5E6BD008E8739 /* Debug */ = {
			isa = XCBuildConfiguration;
			buildSettings = {
				ALWAYS_SEARCH_USER_PATHS = NO;
				CLANG_CXX_LANGUAGE_STANDARD = "gnu++0x";
				CLANG_CXX_LIBRARY = "libc++";
				CLANG_ENABLE_MODULES = YES;
				CLANG_ENABLE_OBJC_ARC = YES;
				CLANG_WARN_BOOL_CONVERSION = YES;
				CLANG_WARN_CONSTANT_CONVERSION = YES;
				CLANG_WARN_DIRECT_OBJC_ISA_USAGE = YES_ERROR;
				CLANG_WARN_EMPTY_BODY = YES;
				CLANG_WARN_ENUM_CONVERSION = YES;
				CLANG_WARN_INT_CONVERSION = YES;
				CLANG_WARN_OBJC_ROOT_CLASS = YES_ERROR;
				CLANG_WARN__DUPLICATE_METHOD_MATCH = YES;
				CODE_SIGN_IDENTITY = "iPhone Developer";
				"CODE_SIGN_IDENTITY[sdk=iphoneos*]" = "iPhone Developer";
				COPY_PHASE_STRIP = NO;
				GCC_C_LANGUAGE_STANDARD = gnu99;
				GCC_DYNAMIC_NO_PIC = NO;
				GCC_OPTIMIZATION_LEVEL = 0;
				GCC_PREPROCESSOR_DEFINITIONS = (
					"DEBUG=1",
					"$(inherited)",
				);
				GCC_SYMBOLS_PRIVATE_EXTERN = NO;
				GCC_WARN_64_TO_32_BIT_CONVERSION = YES;
				GCC_WARN_ABOUT_RETURN_TYPE = YES_ERROR;
				GCC_WARN_UNDECLARED_SELECTOR = YES;
				GCC_WARN_UNINITIALIZED_AUTOS = YES_AGGRESSIVE;
				GCC_WARN_UNUSED_FUNCTION = YES;
				GCC_WARN_UNUSED_VARIABLE = YES;
				IPHONEOS_DEPLOYMENT_TARGET = 7.0;
				ONLY_ACTIVE_ARCH = YES;
				PROVISIONING_PROFILE = "E839028F-A38C-406D-B0A0-8D108D5B3C38";
				SDKROOT = iphoneos;
			};
			name = Debug;
		};
		E9DD498319C5E6BD008E8739 /* Release */ = {
			isa = XCBuildConfiguration;
			buildSettings = {
				ALWAYS_SEARCH_USER_PATHS = NO;
				CLANG_CXX_LANGUAGE_STANDARD = "gnu++0x";
				CLANG_CXX_LIBRARY = "libc++";
				CLANG_ENABLE_MODULES = YES;
				CLANG_ENABLE_OBJC_ARC = YES;
				CLANG_WARN_BOOL_CONVERSION = YES;
				CLANG_WARN_CONSTANT_CONVERSION = YES;
				CLANG_WARN_DIRECT_OBJC_ISA_USAGE = YES_ERROR;
				CLANG_WARN_EMPTY_BODY = YES;
				CLANG_WARN_ENUM_CONVERSION = YES;
				CLANG_WARN_INT_CONVERSION = YES;
				CLANG_WARN_OBJC_ROOT_CLASS = YES_ERROR;
				CLANG_WARN__DUPLICATE_METHOD_MATCH = YES;
				CODE_SIGN_IDENTITY = "iPhone Developer";
				"CODE_SIGN_IDENTITY[sdk=iphoneos*]" = "iPhone Developer";
				COPY_PHASE_STRIP = YES;
				ENABLE_NS_ASSERTIONS = NO;
				GCC_C_LANGUAGE_STANDARD = gnu99;
				GCC_WARN_64_TO_32_BIT_CONVERSION = YES;
				GCC_WARN_ABOUT_RETURN_TYPE = YES_ERROR;
				GCC_WARN_UNDECLARED_SELECTOR = YES;
				GCC_WARN_UNINITIALIZED_AUTOS = YES_AGGRESSIVE;
				GCC_WARN_UNUSED_FUNCTION = YES;
				GCC_WARN_UNUSED_VARIABLE = YES;
				IPHONEOS_DEPLOYMENT_TARGET = 7.0;
				PROVISIONING_PROFILE = "E839028F-A38C-406D-B0A0-8D108D5B3C38";
				SDKROOT = iphoneos;
				VALIDATE_PRODUCT = YES;
			};
			name = Release;
		};
		E9DD498519C5E6BD008E8739 /* Debug */ = {
			isa = XCBuildConfiguration;
			baseConfigurationReference = B79E2607FA705862839FDE04 /* Pods.debug.xcconfig */;
			buildSettings = {
				ASSETCATALOG_COMPILER_APPICON_NAME = AppIcon;
				ASSETCATALOG_COMPILER_LAUNCHIMAGE_NAME = LaunchImage;
				CLANG_ENABLE_MODULES = YES;
				CODE_SIGN_IDENTITY = "iPhone Developer: Minami Baba (AP5ZRGABQ7)";
				"CODE_SIGN_IDENTITY[sdk=iphoneos*]" = "iPhone Developer";
				GCC_PRECOMPILE_PREFIX_HEADER = YES;
				GCC_PREFIX_HEADER = "MealReport/MealReport-Prefix.pch";
				INFOPLIST_FILE = "MealReport/MealReport-Info.plist";
				LD_RUNPATH_SEARCH_PATHS = "$(inherited) @executable_path/Frameworks";
				PRODUCT_NAME = "$(TARGET_NAME)";
				PROVISIONING_PROFILE = "";
				"PROVISIONING_PROFILE[sdk=iphoneos*]" = "";
				SWIFT_OBJC_BRIDGING_HEADER = "MealReport/MealReport-Bridging-Header.h";
				SWIFT_OPTIMIZATION_LEVEL = "-Onone";
				WRAPPER_EXTENSION = app;
			};
			name = Debug;
		};
		E9DD498619C5E6BD008E8739 /* Release */ = {
			isa = XCBuildConfiguration;
			baseConfigurationReference = 8D21C2FF0273E808B0F87E5C /* Pods.release.xcconfig */;
			buildSettings = {
				ASSETCATALOG_COMPILER_APPICON_NAME = AppIcon;
				ASSETCATALOG_COMPILER_LAUNCHIMAGE_NAME = LaunchImage;
				CLANG_ENABLE_MODULES = YES;
				CODE_SIGN_IDENTITY = "iPhone Developer";
				"CODE_SIGN_IDENTITY[sdk=*]" = "iPhone Developer";
				"CODE_SIGN_IDENTITY[sdk=iphoneos*]" = "iPhone Developer";
				GCC_PRECOMPILE_PREFIX_HEADER = YES;
				GCC_PREFIX_HEADER = "MealReport/MealReport-Prefix.pch";
				INFOPLIST_FILE = "MealReport/MealReport-Info.plist";
				LD_RUNPATH_SEARCH_PATHS = "$(inherited) @executable_path/Frameworks";
				PRODUCT_NAME = "$(TARGET_NAME)";
				PROVISIONING_PROFILE = "";
				"PROVISIONING_PROFILE[sdk=iphoneos*]" = "";
				SWIFT_OBJC_BRIDGING_HEADER = "MealReport/MealReport-Bridging-Header.h";
				WRAPPER_EXTENSION = app;
			};
			name = Release;
		};
		E9DD498819C5E6BD008E8739 /* Debug */ = {
			isa = XCBuildConfiguration;
			buildSettings = {
				BUNDLE_LOADER = "$(BUILT_PRODUCTS_DIR)/MealReport.app/MealReport";
				FRAMEWORK_SEARCH_PATHS = (
					"$(SDKROOT)/Developer/Library/Frameworks",
					"$(inherited)",
					"$(DEVELOPER_FRAMEWORKS_DIR)",
				);
				GCC_PRECOMPILE_PREFIX_HEADER = YES;
				GCC_PREFIX_HEADER = "MealReport/MealReport-Prefix.pch";
				GCC_PREPROCESSOR_DEFINITIONS = (
					"DEBUG=1",
					"$(inherited)",
				);
				INFOPLIST_FILE = "MealReportTests/MealReportTests-Info.plist";
				PRODUCT_NAME = "$(TARGET_NAME)";
				TEST_HOST = "$(BUNDLE_LOADER)";
				WRAPPER_EXTENSION = xctest;
			};
			name = Debug;
		};
		E9DD498919C5E6BD008E8739 /* Release */ = {
			isa = XCBuildConfiguration;
			buildSettings = {
				BUNDLE_LOADER = "$(BUILT_PRODUCTS_DIR)/MealReport.app/MealReport";
				FRAMEWORK_SEARCH_PATHS = (
					"$(SDKROOT)/Developer/Library/Frameworks",
					"$(inherited)",
					"$(DEVELOPER_FRAMEWORKS_DIR)",
				);
				GCC_PRECOMPILE_PREFIX_HEADER = YES;
				GCC_PREFIX_HEADER = "MealReport/MealReport-Prefix.pch";
				INFOPLIST_FILE = "MealReportTests/MealReportTests-Info.plist";
				PRODUCT_NAME = "$(TARGET_NAME)";
				TEST_HOST = "$(BUNDLE_LOADER)";
				WRAPPER_EXTENSION = xctest;
			};
			name = Release;
		};
/* End XCBuildConfiguration section */

/* Begin XCConfigurationList section */
		E9DD494D19C5E6BC008E8739 /* Build configuration list for PBXProject "MealReport" */ = {
			isa = XCConfigurationList;
			buildConfigurations = (
				E9DD498219C5E6BD008E8739 /* Debug */,
				E9DD498319C5E6BD008E8739 /* Release */,
			);
			defaultConfigurationIsVisible = 0;
			defaultConfigurationName = Release;
		};
		E9DD498419C5E6BD008E8739 /* Build configuration list for PBXNativeTarget "MealReport" */ = {
			isa = XCConfigurationList;
			buildConfigurations = (
				E9DD498519C5E6BD008E8739 /* Debug */,
				E9DD498619C5E6BD008E8739 /* Release */,
			);
			defaultConfigurationIsVisible = 0;
			defaultConfigurationName = Release;
		};
		E9DD498719C5E6BD008E8739 /* Build configuration list for PBXNativeTarget "MealReportTests" */ = {
			isa = XCConfigurationList;
			buildConfigurations = (
				E9DD498819C5E6BD008E8739 /* Debug */,
				E9DD498919C5E6BD008E8739 /* Release */,
			);
			defaultConfigurationIsVisible = 0;
			defaultConfigurationName = Release;
		};
/* End XCConfigurationList section */

/* Begin XCVersionGroup section */
		E9E981D019DF214000AD254B /* Model.xcdatamodeld */ = {
			isa = XCVersionGroup;
			children = (
				E9E981D119DF214000AD254B /* Model.xcdatamodel */,
			);
			currentVersion = E9E981D119DF214000AD254B /* Model.xcdatamodel */;
			path = Model.xcdatamodeld;
			sourceTree = "<group>";
			versionGroupType = wrapper.xcdatamodel;
		};
/* End XCVersionGroup section */
	};
	rootObject = E9DD494A19C5E6BC008E8739 /* Project object */;
}
