// !$*UTF8*$!
{
	archiveVersion = 1;
	classes = {
	};
	objectVersion = 46;
	objects = {

/* Begin PBXBuildFile section */
		E9756BF919C5E7F6007791FB /* README.md in Resources */ = {isa = PBXBuildFile; fileRef = E9756BF819C5E7F6007791FB /* README.md */; };
		E9756BFC19C5EE49007791FB /* MMInputInfoViewController.m in Sources */ = {isa = PBXBuildFile; fileRef = E9756BFB19C5EE49007791FB /* MMInputInfoViewController.m */; };
		E9756BFF19C5EE83007791FB /* MMInputDetailInfoViewController.m in Sources */ = {isa = PBXBuildFile; fileRef = E9756BFE19C5EE83007791FB /* MMInputDetailInfoViewController.m */; };
		E9756C0219C5EE9F007791FB /* MMCalenderViewController.m in Sources */ = {isa = PBXBuildFile; fileRef = E9756C0119C5EE9F007791FB /* MMCalenderViewController.m */; };
		E9756C0519C5EEEE007791FB /* MMInfoFromCalenderViewController.m in Sources */ = {isa = PBXBuildFile; fileRef = E9756C0419C5EEEE007791FB /* MMInfoFromCalenderViewController.m */; };
		E9756C0819C5EF04007791FB /* MMListViewController.m in Sources */ = {isa = PBXBuildFile; fileRef = E9756C0719C5EF04007791FB /* MMListViewController.m */; };
		E9756C0B19C5EF1B007791FB /* MMInfoFromListViewController.m in Sources */ = {isa = PBXBuildFile; fileRef = E9756C0A19C5EF1B007791FB /* MMInfoFromListViewController.m */; };
		E9DD495619C5E6BC008E8739 /* Foundation.framework in Frameworks */ = {isa = PBXBuildFile; fileRef = E9DD495519C5E6BC008E8739 /* Foundation.framework */; };
		E9DD495819C5E6BC008E8739 /* CoreGraphics.framework in Frameworks */ = {isa = PBXBuildFile; fileRef = E9DD495719C5E6BC008E8739 /* CoreGraphics.framework */; };
		E9DD495A19C5E6BC008E8739 /* UIKit.framework in Frameworks */ = {isa = PBXBuildFile; fileRef = E9DD495919C5E6BC008E8739 /* UIKit.framework */; };
		E9DD496019C5E6BC008E8739 /* InfoPlist.strings in Resources */ = {isa = PBXBuildFile; fileRef = E9DD495E19C5E6BC008E8739 /* InfoPlist.strings */; };
		E9DD496219C5E6BC008E8739 /* main.m in Sources */ = {isa = PBXBuildFile; fileRef = E9DD496119C5E6BC008E8739 /* main.m */; };
		E9DD496619C5E6BC008E8739 /* MMAppDelegate.m in Sources */ = {isa = PBXBuildFile; fileRef = E9DD496519C5E6BC008E8739 /* MMAppDelegate.m */; };
		E9DD496919C5E6BC008E8739 /* Main.storyboard in Resources */ = {isa = PBXBuildFile; fileRef = E9DD496719C5E6BC008E8739 /* Main.storyboard */; };
		E9DD496E19C5E6BC008E8739 /* Images.xcassets in Resources */ = {isa = PBXBuildFile; fileRef = E9DD496D19C5E6BC008E8739 /* Images.xcassets */; };
		E9DD497519C5E6BD008E8739 /* XCTest.framework in Frameworks */ = {isa = PBXBuildFile; fileRef = E9DD497419C5E6BD008E8739 /* XCTest.framework */; };
		E9DD497619C5E6BD008E8739 /* Foundation.framework in Frameworks */ = {isa = PBXBuildFile; fileRef = E9DD495519C5E6BC008E8739 /* Foundation.framework */; };
		E9DD497719C5E6BD008E8739 /* UIKit.framework in Frameworks */ = {isa = PBXBuildFile; fileRef = E9DD495919C5E6BC008E8739 /* UIKit.framework */; };
		E9DD497F19C5E6BD008E8739 /* InfoPlist.strings in Resources */ = {isa = PBXBuildFile; fileRef = E9DD497D19C5E6BD008E8739 /* InfoPlist.strings */; };
		E9DD498119C5E6BD008E8739 /* MealReportTests.m in Sources */ = {isa = PBXBuildFile; fileRef = E9DD498019C5E6BD008E8739 /* MealReportTests.m */; };
		E9DDDC3719C7023600F1F160 /* pickerFrame.png in Resources */ = {isa = PBXBuildFile; fileRef = E9DDDC3619C7023600F1F160 /* pickerFrame.png */; };
		E9DDDC3919C70B0400F1F160 /* arrow.png in Resources */ = {isa = PBXBuildFile; fileRef = E9DDDC3819C70B0400F1F160 /* arrow.png */; };
		E9DDDC3D19C7118200F1F160 /* buttonFrameBlue.png in Resources */ = {isa = PBXBuildFile; fileRef = E9DDDC3A19C7118200F1F160 /* buttonFrameBlue.png */; };
		E9DDDC3E19C7118200F1F160 /* buttonFrameRed.png in Resources */ = {isa = PBXBuildFile; fileRef = E9DDDC3B19C7118200F1F160 /* buttonFrameRed.png */; };
		E9DDDC3F19C7118200F1F160 /* buttonFrameYellow.png in Resources */ = {isa = PBXBuildFile; fileRef = E9DDDC3C19C7118200F1F160 /* buttonFrameYellow.png */; };
/* End PBXBuildFile section */

/* Begin PBXContainerItemProxy section */
		E9DD497819C5E6BD008E8739 /* PBXContainerItemProxy */ = {
			isa = PBXContainerItemProxy;
			containerPortal = E9DD494A19C5E6BC008E8739 /* Project object */;
			proxyType = 1;
			remoteGlobalIDString = E9DD495119C5E6BC008E8739;
			remoteInfo = MealReport;
		};
/* End PBXContainerItemProxy section */

/* Begin PBXFileReference section */
		E9756BF819C5E7F6007791FB /* README.md */ = {isa = PBXFileReference; fileEncoding = 4; lastKnownFileType = text; path = README.md; sourceTree = "<group>"; };
		E9756BFA19C5EE49007791FB /* MMInputInfoViewController.h */ = {isa = PBXFileReference; fileEncoding = 4; lastKnownFileType = sourcecode.c.h; path = MMInputInfoViewController.h; sourceTree = "<group>"; };
		E9756BFB19C5EE49007791FB /* MMInputInfoViewController.m */ = {isa = PBXFileReference; fileEncoding = 4; lastKnownFileType = sourcecode.c.objc; path = MMInputInfoViewController.m; sourceTree = "<group>"; };
		E9756BFD19C5EE83007791FB /* MMInputDetailInfoViewController.h */ = {isa = PBXFileReference; fileEncoding = 4; lastKnownFileType = sourcecode.c.h; path = MMInputDetailInfoViewController.h; sourceTree = "<group>"; };
		E9756BFE19C5EE83007791FB /* MMInputDetailInfoViewController.m */ = {isa = PBXFileReference; fileEncoding = 4; lastKnownFileType = sourcecode.c.objc; path = MMInputDetailInfoViewController.m; sourceTree = "<group>"; };
		E9756C0019C5EE9F007791FB /* MMCalenderViewController.h */ = {isa = PBXFileReference; fileEncoding = 4; lastKnownFileType = sourcecode.c.h; path = MMCalenderViewController.h; sourceTree = "<group>"; };
		E9756C0119C5EE9F007791FB /* MMCalenderViewController.m */ = {isa = PBXFileReference; fileEncoding = 4; lastKnownFileType = sourcecode.c.objc; path = MMCalenderViewController.m; sourceTree = "<group>"; };
		E9756C0319C5EEEE007791FB /* MMInfoFromCalenderViewController.h */ = {isa = PBXFileReference; fileEncoding = 4; lastKnownFileType = sourcecode.c.h; path = MMInfoFromCalenderViewController.h; sourceTree = "<group>"; };
		E9756C0419C5EEEE007791FB /* MMInfoFromCalenderViewController.m */ = {isa = PBXFileReference; fileEncoding = 4; lastKnownFileType = sourcecode.c.objc; path = MMInfoFromCalenderViewController.m; sourceTree = "<group>"; };
		E9756C0619C5EF04007791FB /* MMListViewController.h */ = {isa = PBXFileReference; fileEncoding = 4; lastKnownFileType = sourcecode.c.h; path = MMListViewController.h; sourceTree = "<group>"; };
		E9756C0719C5EF04007791FB /* MMListViewController.m */ = {isa = PBXFileReference; fileEncoding = 4; lastKnownFileType = sourcecode.c.objc; path = MMListViewController.m; sourceTree = "<group>"; };
		E9756C0919C5EF1B007791FB /* MMInfoFromListViewController.h */ = {isa = PBXFileReference; fileEncoding = 4; lastKnownFileType = sourcecode.c.h; path = MMInfoFromListViewController.h; sourceTree = "<group>"; };
		E9756C0A19C5EF1B007791FB /* MMInfoFromListViewController.m */ = {isa = PBXFileReference; fileEncoding = 4; lastKnownFileType = sourcecode.c.objc; path = MMInfoFromListViewController.m; sourceTree = "<group>"; };
		E9DD495219C5E6BC008E8739 /* MealReport.app */ = {isa = PBXFileReference; explicitFileType = wrapper.application; includeInIndex = 0; path = MealReport.app; sourceTree = BUILT_PRODUCTS_DIR; };
		E9DD495519C5E6BC008E8739 /* Foundation.framework */ = {isa = PBXFileReference; lastKnownFileType = wrapper.framework; name = Foundation.framework; path = System/Library/Frameworks/Foundation.framework; sourceTree = SDKROOT; };
		E9DD495719C5E6BC008E8739 /* CoreGraphics.framework */ = {isa = PBXFileReference; lastKnownFileType = wrapper.framework; name = CoreGraphics.framework; path = System/Library/Frameworks/CoreGraphics.framework; sourceTree = SDKROOT; };
		E9DD495919C5E6BC008E8739 /* UIKit.framework */ = {isa = PBXFileReference; lastKnownFileType = wrapper.framework; name = UIKit.framework; path = System/Library/Frameworks/UIKit.framework; sourceTree = SDKROOT; };
		E9DD495D19C5E6BC008E8739 /* MealReport-Info.plist */ = {isa = PBXFileReference; lastKnownFileType = text.plist.xml; path = "MealReport-Info.plist"; sourceTree = "<group>"; };
		E9DD495F19C5E6BC008E8739 /* en */ = {isa = PBXFileReference; lastKnownFileType = text.plist.strings; name = en; path = en.lproj/InfoPlist.strings; sourceTree = "<group>"; };
		E9DD496119C5E6BC008E8739 /* main.m */ = {isa = PBXFileReference; lastKnownFileType = sourcecode.c.objc; path = main.m; sourceTree = "<group>"; };
		E9DD496319C5E6BC008E8739 /* MealReport-Prefix.pch */ = {isa = PBXFileReference; lastKnownFileType = sourcecode.c.h; path = "MealReport-Prefix.pch"; sourceTree = "<group>"; };
		E9DD496419C5E6BC008E8739 /* MMAppDelegate.h */ = {isa = PBXFileReference; lastKnownFileType = sourcecode.c.h; path = MMAppDelegate.h; sourceTree = "<group>"; };
		E9DD496519C5E6BC008E8739 /* MMAppDelegate.m */ = {isa = PBXFileReference; lastKnownFileType = sourcecode.c.objc; path = MMAppDelegate.m; sourceTree = "<group>"; };
		E9DD496819C5E6BC008E8739 /* Base */ = {isa = PBXFileReference; lastKnownFileType = file.storyboard; name = Base; path = Base.lproj/Main.storyboard; sourceTree = "<group>"; };
		E9DD496D19C5E6BC008E8739 /* Images.xcassets */ = {isa = PBXFileReference; lastKnownFileType = folder.assetcatalog; path = Images.xcassets; sourceTree = "<group>"; };
		E9DD497319C5E6BD008E8739 /* MealReportTests.xctest */ = {isa = PBXFileReference; explicitFileType = wrapper.cfbundle; includeInIndex = 0; path = MealReportTests.xctest; sourceTree = BUILT_PRODUCTS_DIR; };
		E9DD497419C5E6BD008E8739 /* XCTest.framework */ = {isa = PBXFileReference; lastKnownFileType = wrapper.framework; name = XCTest.framework; path = Library/Frameworks/XCTest.framework; sourceTree = DEVELOPER_DIR; };
		E9DD497C19C5E6BD008E8739 /* MealReportTests-Info.plist */ = {isa = PBXFileReference; lastKnownFileType = text.plist.xml; path = "MealReportTests-Info.plist"; sourceTree = "<group>"; };
		E9DD497E19C5E6BD008E8739 /* en */ = {isa = PBXFileReference; lastKnownFileType = text.plist.strings; name = en; path = en.lproj/InfoPlist.strings; sourceTree = "<group>"; };
		E9DD498019C5E6BD008E8739 /* MealReportTests.m */ = {isa = PBXFileReference; lastKnownFileType = sourcecode.c.objc; path = MealReportTests.m; sourceTree = "<group>"; };
		E9DDDC3619C7023600F1F160 /* pickerFrame.png */ = {isa = PBXFileReference; lastKnownFileType = image.png; path = pickerFrame.png; sourceTree = "<group>"; };
		E9DDDC3819C70B0400F1F160 /* arrow.png */ = {isa = PBXFileReference; lastKnownFileType = image.png; path = arrow.png; sourceTree = "<group>"; };
		E9DDDC3A19C7118200F1F160 /* buttonFrameBlue.png */ = {isa = PBXFileReference; lastKnownFileType = image.png; path = buttonFrameBlue.png; sourceTree = "<group>"; };
		E9DDDC3B19C7118200F1F160 /* buttonFrameRed.png */ = {isa = PBXFileReference; lastKnownFileType = image.png; path = buttonFrameRed.png; sourceTree = "<group>"; };
		E9DDDC3C19C7118200F1F160 /* buttonFrameYellow.png */ = {isa = PBXFileReference; lastKnownFileType = image.png; path = buttonFrameYellow.png; sourceTree = "<group>"; };
/* End PBXFileReference section */

/* Begin PBXFrameworksBuildPhase section */
		E9DD494F19C5E6BC008E8739 /* Frameworks */ = {
			isa = PBXFrameworksBuildPhase;
			buildActionMask = 2147483647;
			files = (
				E9DD495819C5E6BC008E8739 /* CoreGraphics.framework in Frameworks */,
				E9DD495A19C5E6BC008E8739 /* UIKit.framework in Frameworks */,
				E9DD495619C5E6BC008E8739 /* Foundation.framework in Frameworks */,
			);
			runOnlyForDeploymentPostprocessing = 0;
		};
		E9DD497019C5E6BD008E8739 /* Frameworks */ = {
			isa = PBXFrameworksBuildPhase;
			buildActionMask = 2147483647;
			files = (
				E9DD497519C5E6BD008E8739 /* XCTest.framework in Frameworks */,
				E9DD497719C5E6BD008E8739 /* UIKit.framework in Frameworks */,
				E9DD497619C5E6BD008E8739 /* Foundation.framework in Frameworks */,
			);
			runOnlyForDeploymentPostprocessing = 0;
		};
/* End PBXFrameworksBuildPhase section */

/* Begin PBXGroup section */
		E9756C0C19C5EF4A007791FB /* InputTab */ = {
			isa = PBXGroup;
			children = (
				E9756BFA19C5EE49007791FB /* MMInputInfoViewController.h */,
				E9756BFB19C5EE49007791FB /* MMInputInfoViewController.m */,
				E9756BFD19C5EE83007791FB /* MMInputDetailInfoViewController.h */,
				E9756BFE19C5EE83007791FB /* MMInputDetailInfoViewController.m */,
			);
			name = InputTab;
			sourceTree = "<group>";
		};
		E9756C0D19C5EF8D007791FB /* CalenderTab */ = {
			isa = PBXGroup;
			children = (
				E9756C0019C5EE9F007791FB /* MMCalenderViewController.h */,
				E9756C0119C5EE9F007791FB /* MMCalenderViewController.m */,
				E9756C0319C5EEEE007791FB /* MMInfoFromCalenderViewController.h */,
				E9756C0419C5EEEE007791FB /* MMInfoFromCalenderViewController.m */,
			);
			name = CalenderTab;
			sourceTree = "<group>";
		};
		E9756C0E19C5EF9B007791FB /* ListTab */ = {
			isa = PBXGroup;
			children = (
				E9756C0619C5EF04007791FB /* MMListViewController.h */,
				E9756C0719C5EF04007791FB /* MMListViewController.m */,
				E9756C0919C5EF1B007791FB /* MMInfoFromListViewController.h */,
				E9756C0A19C5EF1B007791FB /* MMInfoFromListViewController.m */,
			);
			name = ListTab;
			sourceTree = "<group>";
		};
		E9DD494919C5E6BC008E8739 = {
			isa = PBXGroup;
			children = (
				E9756BF819C5E7F6007791FB /* README.md */,
				E9DDDC3319C601CA00F1F160 /* Resource */,
				E9DD495B19C5E6BC008E8739 /* MealReport */,
				E9DD497A19C5E6BD008E8739 /* MealReportTests */,
				E9DD495419C5E6BC008E8739 /* Frameworks */,
				E9DD495319C5E6BC008E8739 /* Products */,
			);
			sourceTree = "<group>";
		};
		E9DD495319C5E6BC008E8739 /* Products */ = {
			isa = PBXGroup;
			children = (
				E9DD495219C5E6BC008E8739 /* MealReport.app */,
				E9DD497319C5E6BD008E8739 /* MealReportTests.xctest */,
			);
			name = Products;
			sourceTree = "<group>";
		};
		E9DD495419C5E6BC008E8739 /* Frameworks */ = {
			isa = PBXGroup;
			children = (
				E9DD495519C5E6BC008E8739 /* Foundation.framework */,
				E9DD495719C5E6BC008E8739 /* CoreGraphics.framework */,
				E9DD495919C5E6BC008E8739 /* UIKit.framework */,
				E9DD497419C5E6BD008E8739 /* XCTest.framework */,
			);
			name = Frameworks;
			sourceTree = "<group>";
		};
		E9DD495B19C5E6BC008E8739 /* MealReport */ = {
			isa = PBXGroup;
			children = (
				E9DD496419C5E6BC008E8739 /* MMAppDelegate.h */,
				E9DD496519C5E6BC008E8739 /* MMAppDelegate.m */,
				E9756C0C19C5EF4A007791FB /* InputTab */,
				E9756C0D19C5EF8D007791FB /* CalenderTab */,
				E9756C0E19C5EF9B007791FB /* ListTab */,
				E9DD496719C5E6BC008E8739 /* Main.storyboard */,
				E9DD496D19C5E6BC008E8739 /* Images.xcassets */,
				E9DD495C19C5E6BC008E8739 /* Supporting Files */,
			);
			path = MealReport;
			sourceTree = "<group>";
		};
		E9DD495C19C5E6BC008E8739 /* Supporting Files */ = {
			isa = PBXGroup;
			children = (
				E9DD495D19C5E6BC008E8739 /* MealReport-Info.plist */,
				E9DD495E19C5E6BC008E8739 /* InfoPlist.strings */,
				E9DD496119C5E6BC008E8739 /* main.m */,
				E9DD496319C5E6BC008E8739 /* MealReport-Prefix.pch */,
			);
			name = "Supporting Files";
			sourceTree = "<group>";
		};
		E9DD497A19C5E6BD008E8739 /* MealReportTests */ = {
			isa = PBXGroup;
			children = (
				E9DD498019C5E6BD008E8739 /* MealReportTests.m */,
				E9DD497B19C5E6BD008E8739 /* Supporting Files */,
			);
			path = MealReportTests;
			sourceTree = "<group>";
		};
		E9DD497B19C5E6BD008E8739 /* Supporting Files */ = {
			isa = PBXGroup;
			children = (
				E9DD497C19C5E6BD008E8739 /* MealReportTests-Info.plist */,
				E9DD497D19C5E6BD008E8739 /* InfoPlist.strings */,
			);
			name = "Supporting Files";
			sourceTree = "<group>";
		};
		E9DDDC3319C601CA00F1F160 /* Resource */ = {
			isa = PBXGroup;
			children = (
				E9DDDC3819C70B0400F1F160 /* arrow.png */,
				E9DDDC3619C7023600F1F160 /* pickerFrame.png */,
				E9DDDC3A19C7118200F1F160 /* buttonFrameBlue.png */,
				E9DDDC3B19C7118200F1F160 /* buttonFrameRed.png */,
				E9DDDC3C19C7118200F1F160 /* buttonFrameYellow.png */,
			);
			name = Resource;
			sourceTree = "<group>";
		};
/* End PBXGroup section */

/* Begin PBXNativeTarget section */
		E9DD495119C5E6BC008E8739 /* MealReport */ = {
			isa = PBXNativeTarget;
			buildConfigurationList = E9DD498419C5E6BD008E8739 /* Build configuration list for PBXNativeTarget "MealReport" */;
			buildPhases = (
				E9DD494E19C5E6BC008E8739 /* Sources */,
				E9DD494F19C5E6BC008E8739 /* Frameworks */,
				E9DD495019C5E6BC008E8739 /* Resources */,
			);
			buildRules = (
			);
			dependencies = (
			);
			name = MealReport;
			productName = MealReport;
			productReference = E9DD495219C5E6BC008E8739 /* MealReport.app */;
			productType = "com.apple.product-type.application";
		};
		E9DD497219C5E6BD008E8739 /* MealReportTests */ = {
			isa = PBXNativeTarget;
			buildConfigurationList = E9DD498719C5E6BD008E8739 /* Build configuration list for PBXNativeTarget "MealReportTests" */;
			buildPhases = (
				E9DD496F19C5E6BD008E8739 /* Sources */,
				E9DD497019C5E6BD008E8739 /* Frameworks */,
				E9DD497119C5E6BD008E8739 /* Resources */,
			);
			buildRules = (
			);
			dependencies = (
				E9DD497919C5E6BD008E8739 /* PBXTargetDependency */,
			);
			name = MealReportTests;
			productName = MealReportTests;
			productReference = E9DD497319C5E6BD008E8739 /* MealReportTests.xctest */;
			productType = "com.apple.product-type.bundle.unit-test";
		};
/* End PBXNativeTarget section */

/* Begin PBXProject section */
		E9DD494A19C5E6BC008E8739 /* Project object */ = {
			isa = PBXProject;
			attributes = {
				CLASSPREFIX = MM;
				LastUpgradeCheck = 0510;
				ORGANIZATIONNAME = "Minami Baba";
				TargetAttributes = {
					E9DD495119C5E6BC008E8739 = {
						DevelopmentTeam = RM3N4N4RRF;
					};
					E9DD497219C5E6BD008E8739 = {
						TestTargetID = E9DD495119C5E6BC008E8739;
					};
				};
			};
			buildConfigurationList = E9DD494D19C5E6BC008E8739 /* Build configuration list for PBXProject "MealReport" */;
			compatibilityVersion = "Xcode 3.2";
			developmentRegion = English;
			hasScannedForEncodings = 0;
			knownRegions = (
				en,
				Base,
			);
			mainGroup = E9DD494919C5E6BC008E8739;
			productRefGroup = E9DD495319C5E6BC008E8739 /* Products */;
			projectDirPath = "";
			projectRoot = "";
			targets = (
				E9DD495119C5E6BC008E8739 /* MealReport */,
				E9DD497219C5E6BD008E8739 /* MealReportTests */,
			);
		};
/* End PBXProject section */

/* Begin PBXResourcesBuildPhase section */
		E9DD495019C5E6BC008E8739 /* Resources */ = {
			isa = PBXResourcesBuildPhase;
			buildActionMask = 2147483647;
			files = (
				E9DD496E19C5E6BC008E8739 /* Images.xcassets in Resources */,
				E9DDDC3719C7023600F1F160 /* pickerFrame.png in Resources */,
				E9DD496019C5E6BC008E8739 /* InfoPlist.strings in Resources */,
				E9756BF919C5E7F6007791FB /* README.md in Resources */,
				E9DD496919C5E6BC008E8739 /* Main.storyboard in Resources */,
				E9DDDC3F19C7118200F1F160 /* buttonFrameYellow.png in Resources */,
				E9DDDC3D19C7118200F1F160 /* buttonFrameBlue.png in Resources */,
				E9DDDC3E19C7118200F1F160 /* buttonFrameRed.png in Resources */,
				E9DDDC3919C70B0400F1F160 /* arrow.png in Resources */,
			);
			runOnlyForDeploymentPostprocessing = 0;
		};
		E9DD497119C5E6BD008E8739 /* Resources */ = {
			isa = PBXResourcesBuildPhase;
			buildActionMask = 2147483647;
			files = (
				E9DD497F19C5E6BD008E8739 /* InfoPlist.strings in Resources */,
			);
			runOnlyForDeploymentPostprocessing = 0;
		};
/* End PBXResourcesBuildPhase section */

/* Begin PBXSourcesBuildPhase section */
		E9DD494E19C5E6BC008E8739 /* Sources */ = {
			isa = PBXSourcesBuildPhase;
			buildActionMask = 2147483647;
			files = (
				E9756C0819C5EF04007791FB /* MMListViewController.m in Sources */,
				E9756BFF19C5EE83007791FB /* MMInputDetailInfoViewController.m in Sources */,
				E9DD496619C5E6BC008E8739 /* MMAppDelegate.m in Sources */,
				E9756C0519C5EEEE007791FB /* MMInfoFromCalenderViewController.m in Sources */,
				E9756BFC19C5EE49007791FB /* MMInputInfoViewController.m in Sources */,
				E9DD496219C5E6BC008E8739 /* main.m in Sources */,
				E9756C0B19C5EF1B007791FB /* MMInfoFromListViewController.m in Sources */,
				E9756C0219C5EE9F007791FB /* MMCalenderViewController.m in Sources */,
			);
			runOnlyForDeploymentPostprocessing = 0;
		};
		E9DD496F19C5E6BD008E8739 /* Sources */ = {
			isa = PBXSourcesBuildPhase;
			buildActionMask = 2147483647;
			files = (
				E9DD498119C5E6BD008E8739 /* MealReportTests.m in Sources */,
			);
			runOnlyForDeploymentPostprocessing = 0;
		};
/* End PBXSourcesBuildPhase section */

/* Begin PBXTargetDependency section */
		E9DD497919C5E6BD008E8739 /* PBXTargetDependency */ = {
			isa = PBXTargetDependency;
			target = E9DD495119C5E6BC008E8739 /* MealReport */;
			targetProxy = E9DD497819C5E6BD008E8739 /* PBXContainerItemProxy */;
		};
/* End PBXTargetDependency section */

/* Begin PBXVariantGroup section */
		E9DD495E19C5E6BC008E8739 /* InfoPlist.strings */ = {
			isa = PBXVariantGroup;
			children = (
				E9DD495F19C5E6BC008E8739 /* en */,
			);
			name = InfoPlist.strings;
			sourceTree = "<group>";
		};
		E9DD496719C5E6BC008E8739 /* Main.storyboard */ = {
			isa = PBXVariantGroup;
			children = (
				E9DD496819C5E6BC008E8739 /* Base */,
			);
			name = Main.storyboard;
			sourceTree = "<group>";
		};
		E9DD497D19C5E6BD008E8739 /* InfoPlist.strings */ = {
			isa = PBXVariantGroup;
			children = (
				E9DD497E19C5E6BD008E8739 /* en */,
			);
			name = InfoPlist.strings;
			sourceTree = "<group>";
		};
/* End PBXVariantGroup section */

/* Begin XCBuildConfiguration section */
		E9DD498219C5E6BD008E8739 /* Debug */ = {
			isa = XCBuildConfiguration;
			buildSettings = {
				ALWAYS_SEARCH_USER_PATHS = NO;
				CLANG_CXX_LANGUAGE_STANDARD = "gnu++0x";
				CLANG_CXX_LIBRARY = "libc++";
				CLANG_ENABLE_MODULES = YES;
				CLANG_ENABLE_OBJC_ARC = YES;
				CLANG_WARN_BOOL_CONVERSION = YES;
				CLANG_WARN_CONSTANT_CONVERSION = YES;
				CLANG_WARN_DIRECT_OBJC_ISA_USAGE = YES_ERROR;
				CLANG_WARN_EMPTY_BODY = YES;
				CLANG_WARN_ENUM_CONVERSION = YES;
				CLANG_WARN_INT_CONVERSION = YES;
				CLANG_WARN_OBJC_ROOT_CLASS = YES_ERROR;
				CLANG_WARN__DUPLICATE_METHOD_MATCH = YES;
				CODE_SIGN_IDENTITY = "iPhone Developer";
				"CODE_SIGN_IDENTITY[sdk=iphoneos*]" = "iPhone Developer";
				COPY_PHASE_STRIP = NO;
				GCC_C_LANGUAGE_STANDARD = gnu99;
				GCC_DYNAMIC_NO_PIC = NO;
				GCC_OPTIMIZATION_LEVEL = 0;
				GCC_PREPROCESSOR_DEFINITIONS = (
					"DEBUG=1",
					"$(inherited)",
				);
				GCC_SYMBOLS_PRIVATE_EXTERN = NO;
				GCC_WARN_64_TO_32_BIT_CONVERSION = YES;
				GCC_WARN_ABOUT_RETURN_TYPE = YES_ERROR;
				GCC_WARN_UNDECLARED_SELECTOR = YES;
				GCC_WARN_UNINITIALIZED_AUTOS = YES_AGGRESSIVE;
				GCC_WARN_UNUSED_FUNCTION = YES;
				GCC_WARN_UNUSED_VARIABLE = YES;
				IPHONEOS_DEPLOYMENT_TARGET = 7.1;
				ONLY_ACTIVE_ARCH = YES;
				PROVISIONING_PROFILE = "E839028F-A38C-406D-B0A0-8D108D5B3C38";
				SDKROOT = iphoneos;
			};
			name = Debug;
		};
		E9DD498319C5E6BD008E8739 /* Release */ = {
			isa = XCBuildConfiguration;
			buildSettings = {
				ALWAYS_SEARCH_USER_PATHS = NO;
				CLANG_CXX_LANGUAGE_STANDARD = "gnu++0x";
				CLANG_CXX_LIBRARY = "libc++";
				CLANG_ENABLE_MODULES = YES;
				CLANG_ENABLE_OBJC_ARC = YES;
				CLANG_WARN_BOOL_CONVERSION = YES;
				CLANG_WARN_CONSTANT_CONVERSION = YES;
				CLANG_WARN_DIRECT_OBJC_ISA_USAGE = YES_ERROR;
				CLANG_WARN_EMPTY_BODY = YES;
				CLANG_WARN_ENUM_CONVERSION = YES;
				CLANG_WARN_INT_CONVERSION = YES;
				CLANG_WARN_OBJC_ROOT_CLASS = YES_ERROR;
				CLANG_WARN__DUPLICATE_METHOD_MATCH = YES;
				CODE_SIGN_IDENTITY = "iPhone Developer";
				"CODE_SIGN_IDENTITY[sdk=iphoneos*]" = "iPhone Developer";
				COPY_PHASE_STRIP = YES;
				ENABLE_NS_ASSERTIONS = NO;
				GCC_C_LANGUAGE_STANDARD = gnu99;
				GCC_WARN_64_TO_32_BIT_CONVERSION = YES;
				GCC_WARN_ABOUT_RETURN_TYPE = YES_ERROR;
				GCC_WARN_UNDECLARED_SELECTOR = YES;
				GCC_WARN_UNINITIALIZED_AUTOS = YES_AGGRESSIVE;
				GCC_WARN_UNUSED_FUNCTION = YES;
				GCC_WARN_UNUSED_VARIABLE = YES;
				IPHONEOS_DEPLOYMENT_TARGET = 7.1;
				PROVISIONING_PROFILE = "E839028F-A38C-406D-B0A0-8D108D5B3C38";
				SDKROOT = iphoneos;
				VALIDATE_PRODUCT = YES;
			};
			name = Release;
		};
		E9DD498519C5E6BD008E8739 /* Debug */ = {
			isa = XCBuildConfiguration;
			buildSettings = {
				ASSETCATALOG_COMPILER_APPICON_NAME = AppIcon;
				ASSETCATALOG_COMPILER_LAUNCHIMAGE_NAME = LaunchImage;
				CODE_SIGN_IDENTITY = "iPhone Developer";
				"CODE_SIGN_IDENTITY[sdk=iphoneos*]" = "iPhone Developer";
				GCC_PRECOMPILE_PREFIX_HEADER = YES;
				GCC_PREFIX_HEADER = "MealReport/MealReport-Prefix.pch";
				INFOPLIST_FILE = "MealReport/MealReport-Info.plist";
				PRODUCT_NAME = "$(TARGET_NAME)";
				PROVISIONING_PROFILE = "E839028F-A38C-406D-B0A0-8D108D5B3C38";
				"PROVISIONING_PROFILE[sdk=iphoneos*]" = "E839028F-A38C-406D-B0A0-8D108D5B3C38";
				WRAPPER_EXTENSION = app;
			};
			name = Debug;
		};
		E9DD498619C5E6BD008E8739 /* Release */ = {
			isa = XCBuildConfiguration;
			buildSettings = {
				ASSETCATALOG_COMPILER_APPICON_NAME = AppIcon;
				ASSETCATALOG_COMPILER_LAUNCHIMAGE_NAME = LaunchImage;
				CODE_SIGN_IDENTITY = "iPhone Developer";
				"CODE_SIGN_IDENTITY[sdk=*]" = "iPhone Developer";
				"CODE_SIGN_IDENTITY[sdk=iphoneos*]" = "iPhone Developer";
				GCC_PRECOMPILE_PREFIX_HEADER = YES;
				GCC_PREFIX_HEADER = "MealReport/MealReport-Prefix.pch";
				INFOPLIST_FILE = "MealReport/MealReport-Info.plist";
				PRODUCT_NAME = "$(TARGET_NAME)";
				PROVISIONING_PROFILE = "E839028F-A38C-406D-B0A0-8D108D5B3C38";
				"PROVISIONING_PROFILE[sdk=iphoneos*]" = "E839028F-A38C-406D-B0A0-8D108D5B3C38";
				WRAPPER_EXTENSION = app;
			};
			name = Release;
		};
		E9DD498819C5E6BD008E8739 /* Debug */ = {
			isa = XCBuildConfiguration;
			buildSettings = {
				BUNDLE_LOADER = "$(BUILT_PRODUCTS_DIR)/MealReport.app/MealReport";
				FRAMEWORK_SEARCH_PATHS = (
					"$(SDKROOT)/Developer/Library/Frameworks",
					"$(inherited)",
					"$(DEVELOPER_FRAMEWORKS_DIR)",
				);
				GCC_PRECOMPILE_PREFIX_HEADER = YES;
				GCC_PREFIX_HEADER = "MealReport/MealReport-Prefix.pch";
				GCC_PREPROCESSOR_DEFINITIONS = (
					"DEBUG=1",
					"$(inherited)",
				);
				INFOPLIST_FILE = "MealReportTests/MealReportTests-Info.plist";
				PRODUCT_NAME = "$(TARGET_NAME)";
				TEST_HOST = "$(BUNDLE_LOADER)";
				WRAPPER_EXTENSION = xctest;
			};
			name = Debug;
		};
		E9DD498919C5E6BD008E8739 /* Release */ = {
			isa = XCBuildConfiguration;
			buildSettings = {
				BUNDLE_LOADER = "$(BUILT_PRODUCTS_DIR)/MealReport.app/MealReport";
				FRAMEWORK_SEARCH_PATHS = (
					"$(SDKROOT)/Developer/Library/Frameworks",
					"$(inherited)",
					"$(DEVELOPER_FRAMEWORKS_DIR)",
				);
				GCC_PRECOMPILE_PREFIX_HEADER = YES;
				GCC_PREFIX_HEADER = "MealReport/MealReport-Prefix.pch";
				INFOPLIST_FILE = "MealReportTests/MealReportTests-Info.plist";
				PRODUCT_NAME = "$(TARGET_NAME)";
				TEST_HOST = "$(BUNDLE_LOADER)";
				WRAPPER_EXTENSION = xctest;
			};
			name = Release;
		};
/* End XCBuildConfiguration section */

/* Begin XCConfigurationList section */
		E9DD494D19C5E6BC008E8739 /* Build configuration list for PBXProject "MealReport" */ = {
			isa = XCConfigurationList;
			buildConfigurations = (
				E9DD498219C5E6BD008E8739 /* Debug */,
				E9DD498319C5E6BD008E8739 /* Release */,
			);
			defaultConfigurationIsVisible = 0;
			defaultConfigurationName = Release;
		};
		E9DD498419C5E6BD008E8739 /* Build configuration list for PBXNativeTarget "MealReport" */ = {
			isa = XCConfigurationList;
			buildConfigurations = (
				E9DD498519C5E6BD008E8739 /* Debug */,
				E9DD498619C5E6BD008E8739 /* Release */,
			);
			defaultConfigurationIsVisible = 0;
			defaultConfigurationName = Release;
		};
		E9DD498719C5E6BD008E8739 /* Build configuration list for PBXNativeTarget "MealReportTests" */ = {
			isa = XCConfigurationList;
			buildConfigurations = (
				E9DD498819C5E6BD008E8739 /* Debug */,
				E9DD498919C5E6BD008E8739 /* Release */,
			);
			defaultConfigurationIsVisible = 0;
			defaultConfigurationName = Release;
		};
/* End XCConfigurationList section */
	};
	rootObject = E9DD494A19C5E6BC008E8739 /* Project object */;
}
